// !$*UTF8*$!
{
	archiveVersion = 1;
	classes = {
	};
	objectVersion = 46;
	objects = {

/* Begin PBXBuildFile section */
		30A2B13EB45B51A038260371 /* Pods_yyyb.framework in Frameworks */ = {isa = PBXBuildFile; fileRef = F7FE58936FF5507A67F00879 /* Pods_yyyb.framework */; };
		590A59691DF952F2002B0214 /* yyyb.xcdatamodeld in Sources */ = {isa = PBXBuildFile; fileRef = 590A59671DF952F2002B0214 /* yyyb.xcdatamodeld */; };
		590A596F1DF96432002B0214 /* yydm.json in Resources */ = {isa = PBXBuildFile; fileRef = 590A596E1DF96432002B0214 /* yydm.json */; };
		590A59711DFA3440002B0214 /* yy.json in Resources */ = {isa = PBXBuildFile; fileRef = 590A59701DFA3440002B0214 /* yy.json */; };
		590B36181E05125900D9ED8F /* ShowRbxxDetailViewController.swift in Sources */ = {isa = PBXBuildFile; fileRef = 590B36171E05125900D9ED8F /* ShowRbxxDetailViewController.swift */; };
		590B92471E04CA2900BF5F56 /* ybdm.json in Resources */ = {isa = PBXBuildFile; fileRef = 590B92461E04CA2900BF5F56 /* ybdm.json */; };
		590B92491E04D4B300BF5F56 /* ShowRbxxViewController.swift in Sources */ = {isa = PBXBuildFile; fileRef = 590B92481E04D4B300BF5F56 /* ShowRbxxViewController.swift */; };
		590B924B1E04D4C000BF5F56 /* ShowKbxxViewController.swift in Sources */ = {isa = PBXBuildFile; fileRef = 590B924A1E04D4C000BF5F56 /* ShowKbxxViewController.swift */; };
		590B924D1E04D55800BF5F56 /* ShowRecoredViewController.swift in Sources */ = {isa = PBXBuildFile; fileRef = 590B924C1E04D55800BF5F56 /* ShowRecoredViewController.swift */; };
		590C2F2B1DFE302F008CF654 /* YykViewControllerTableViewController.swift in Sources */ = {isa = PBXBuildFile; fileRef = 590C2F2A1DFE302F008CF654 /* YykViewControllerTableViewController.swift */; };
		590C2F2D1DFE3073008CF654 /* Yyk2TableViewController.swift in Sources */ = {isa = PBXBuildFile; fileRef = 590C2F2C1DFE3073008CF654 /* Yyk2TableViewController.swift */; };
		590C2F2F1DFE307F008CF654 /* Yyk3TableViewController.swift in Sources */ = {isa = PBXBuildFile; fileRef = 590C2F2E1DFE307F008CF654 /* Yyk3TableViewController.swift */; };
		590C2F311DFE3091008CF654 /* Yyk4TableViewController.swift in Sources */ = {isa = PBXBuildFile; fileRef = 590C2F301DFE3091008CF654 /* Yyk4TableViewController.swift */; };
		590C2F331DFE30A8008CF654 /* Yyk5ViewController.swift in Sources */ = {isa = PBXBuildFile; fileRef = 590C2F321DFE30A8008CF654 /* Yyk5ViewController.swift */; };
		590C2F421DFE8650008CF654 /* NSString+ZLStringSize.m in Sources */ = {isa = PBXBuildFile; fileRef = 590C2F371DFE8650008CF654 /* NSString+ZLStringSize.m */; };
		590C2F431DFE8650008CF654 /* ZLDropDownMenu.m in Sources */ = {isa = PBXBuildFile; fileRef = 590C2F3B1DFE8650008CF654 /* ZLDropDownMenu.m */; };
		590C2F441DFE8650008CF654 /* ZLDropDownMenuCollectionViewCell.m in Sources */ = {isa = PBXBuildFile; fileRef = 590C2F3D1DFE8650008CF654 /* ZLDropDownMenuCollectionViewCell.m */; };
		590C2F451DFE8650008CF654 /* ZLDropDownMenuTitleButton.m in Sources */ = {isa = PBXBuildFile; fileRef = 590C2F3F1DFE8650008CF654 /* ZLDropDownMenuTitleButton.m */; };
		590C2F461DFE8650008CF654 /* ZLDropDownMenuUICalc.m in Sources */ = {isa = PBXBuildFile; fileRef = 590C2F411DFE8650008CF654 /* ZLDropDownMenuUICalc.m */; };
		592405051E076131009E947A /* CommunicationViewController.swift in Sources */ = {isa = PBXBuildFile; fileRef = 592405041E076131009E947A /* CommunicationViewController.swift */; };
		592405071E07613C009E947A /* ExpertViewController.swift in Sources */ = {isa = PBXBuildFile; fileRef = 592405061E07613C009E947A /* ExpertViewController.swift */; };
		592473791DE2D71B0095C683 /* AddViewController.swift in Sources */ = {isa = PBXBuildFile; fileRef = 592473781DE2D71B0095C683 /* AddViewController.swift */; };
		5925E72E1DED236D00F75452 /* SettingTableViewController.swift in Sources */ = {isa = PBXBuildFile; fileRef = 5925E72D1DED236D00F75452 /* SettingTableViewController.swift */; };
		5925E7301DED2DF800F75452 /* UpdateViewController.swift in Sources */ = {isa = PBXBuildFile; fileRef = 5925E72F1DED2DF800F75452 /* UpdateViewController.swift */; };
		592CA8261DF0FA3400A863B5 /* CoreDataStack.swift in Sources */ = {isa = PBXBuildFile; fileRef = 592CA8251DF0FA3300A863B5 /* CoreDataStack.swift */; };
		592CA8291DF1093900A863B5 /* YyViewController.swift in Sources */ = {isa = PBXBuildFile; fileRef = 592CA8281DF1093900A863B5 /* YyViewController.swift */; };
		592CA82C1DF24E5F00A863B5 /* TraceViewController.swift in Sources */ = {isa = PBXBuildFile; fileRef = 592CA82B1DF24E5F00A863B5 /* TraceViewController.swift */; };
		5932E62E1E0296E300D84D54 /* SaveExpressViewController.swift in Sources */ = {isa = PBXBuildFile; fileRef = 5932E62D1E0296E300D84D54 /* SaveExpressViewController.swift */; };
		5932E6301E029AC200D84D54 /* CbjlTableViewController.swift in Sources */ = {isa = PBXBuildFile; fileRef = 5932E62F1E029AC200D84D54 /* CbjlTableViewController.swift */; };
		5935CA661DF7C95000D91856 /* LoginViewController.swift in Sources */ = {isa = PBXBuildFile; fileRef = 5935CA651DF7C95000D91856 /* LoginViewController.swift */; };
		598CA2531DED63F200A02CB0 /* libz.tbd in Frameworks */ = {isa = PBXBuildFile; fileRef = 59B814611DE002D900F341AC /* libz.tbd */; };
		598CA2541DED63FE00A02CB0 /* JavaScriptCore.framework in Frameworks */ = {isa = PBXBuildFile; fileRef = 59B814671DE0033300F341AC /* JavaScriptCore.framework */; };
		598CA2551DED641700A02CB0 /* AMapFoundationKit.framework in Frameworks */ = {isa = PBXBuildFile; fileRef = 5925E74C1DED4F4F00F75452 /* AMapFoundationKit.framework */; };
		598CA2561DED641700A02CB0 /* AMapSearchKit.framework in Frameworks */ = {isa = PBXBuildFile; fileRef = 5925E74D1DED4F4F00F75452 /* AMapSearchKit.framework */; };
		598CA2571DED642E00A02CB0 /* libc++.tbd in Frameworks */ = {isa = PBXBuildFile; fileRef = 59B8145F1DE002D200F341AC /* libc++.tbd */; };
		598CA2581DED643C00A02CB0 /* libstdc++.6.0.9.tbd in Frameworks */ = {isa = PBXBuildFile; fileRef = 59B814591DE002B600F341AC /* libstdc++.6.0.9.tbd */; };
		598CA2591DED644400A02CB0 /* Security.framework in Frameworks */ = {isa = PBXBuildFile; fileRef = 59B814571DE002AF00F341AC /* Security.framework */; };
		598CA25A1DED645000A02CB0 /* CoreTelephony.framework in Frameworks */ = {isa = PBXBuildFile; fileRef = 59B8145B1DE002BD00F341AC /* CoreTelephony.framework */; };
		598CA25B1DED645800A02CB0 /* SystemConfiguration.framework in Frameworks */ = {isa = PBXBuildFile; fileRef = 59B8145D1DE002C600F341AC /* SystemConfiguration.framework */; };
		598CA2641DED666600A02CB0 /* OfflineDetailViewController.m in Sources */ = {isa = PBXBuildFile; fileRef = 598CA25E1DED666600A02CB0 /* OfflineDetailViewController.m */; };
		598CA2651DED666600A02CB0 /* OfflineViewController.m in Sources */ = {isa = PBXBuildFile; fileRef = 598CA2601DED666600A02CB0 /* OfflineViewController.m */; };
		598CA2661DED666600A02CB0 /* MAHeaderView.m in Sources */ = {isa = PBXBuildFile; fileRef = 598CA2631DED666600A02CB0 /* MAHeaderView.m */; };
		598CA3F41DED6A4700A02CB0 /* heatMapData.json in Resources */ = {isa = PBXBuildFile; fileRef = 598CA2691DED6A4600A02CB0 /* heatMapData.json */; };
		598CA3F51DED6A4700A02CB0 /* icon-72.png in Resources */ = {isa = PBXBuildFile; fileRef = 598CA26A1DED6A4600A02CB0 /* icon-72.png */; };
		598CA3F61DED6A4700A02CB0 /* icon-72@2x.png in Resources */ = {isa = PBXBuildFile; fileRef = 598CA26B1DED6A4600A02CB0 /* icon-72@2x.png */; };
		598CA3F71DED6A4700A02CB0 /* icon.png in Resources */ = {isa = PBXBuildFile; fileRef = 598CA26C1DED6A4600A02CB0 /* icon.png */; };
		598CA3F81DED6A4700A02CB0 /* icon@2x.png in Resources */ = {isa = PBXBuildFile; fileRef = 598CA26D1DED6A4600A02CB0 /* icon@2x.png */; };
		598CA3F91DED6A4700A02CB0 /* animatedCar_1.png in Resources */ = {isa = PBXBuildFile; fileRef = 598CA2711DED6A4600A02CB0 /* animatedCar_1.png */; };
		598CA3FA1DED6A4700A02CB0 /* animatedCar_2.png in Resources */ = {isa = PBXBuildFile; fileRef = 598CA2721DED6A4600A02CB0 /* animatedCar_2.png */; };
		598CA3FB1DED6A4700A02CB0 /* animatedCar_3.png in Resources */ = {isa = PBXBuildFile; fileRef = 598CA2731DED6A4600A02CB0 /* animatedCar_3.png */; };
		598CA3FC1DED6A4700A02CB0 /* animatedCar_4.png in Resources */ = {isa = PBXBuildFile; fileRef = 598CA2741DED6A4600A02CB0 /* animatedCar_4.png */; };
		598CA3FD1DED6A4700A02CB0 /* animatedTrain_1.png in Resources */ = {isa = PBXBuildFile; fileRef = 598CA2761DED6A4600A02CB0 /* animatedTrain_1.png */; };
		598CA3FE1DED6A4700A02CB0 /* animatedTrain_2.png in Resources */ = {isa = PBXBuildFile; fileRef = 598CA2771DED6A4600A02CB0 /* animatedTrain_2.png */; };
		598CA3FF1DED6A4700A02CB0 /* animatedTrain_3.png in Resources */ = {isa = PBXBuildFile; fileRef = 598CA2781DED6A4600A02CB0 /* animatedTrain_3.png */; };
		598CA4001DED6A4700A02CB0 /* animatedTrain_4.png in Resources */ = {isa = PBXBuildFile; fileRef = 598CA2791DED6A4600A02CB0 /* animatedTrain_4.png */; };
		598CA4011DED6A4700A02CB0 /* arrow_right.png in Resources */ = {isa = PBXBuildFile; fileRef = 598CA27A1DED6A4600A02CB0 /* arrow_right.png */; };
		598CA4021DED6A4700A02CB0 /* arrow_right@2x.png in Resources */ = {isa = PBXBuildFile; fileRef = 598CA27B1DED6A4600A02CB0 /* arrow_right@2x.png */; };
		598CA4031DED6A4700A02CB0 /* arrowTexture.png in Resources */ = {isa = PBXBuildFile; fileRef = 598CA27C1DED6A4600A02CB0 /* arrowTexture.png */; };
		598CA4041DED6A4700A02CB0 /* bus@2x.png in Resources */ = {isa = PBXBuildFile; fileRef = 598CA27D1DED6A4600A02CB0 /* bus@2x.png */; };
		598CA4051DED6A4700A02CB0 /* car@2x.png in Resources */ = {isa = PBXBuildFile; fileRef = 598CA27E1DED6A4600A02CB0 /* car@2x.png */; };
		598CA4061DED6A4700A02CB0 /* compass@2x.png in Resources */ = {isa = PBXBuildFile; fileRef = 598CA27F1DED6A4600A02CB0 /* compass@2x.png */; };
		598CA4071DED6A4700A02CB0 /* custtexture.png in Resources */ = {isa = PBXBuildFile; fileRef = 598CA2801DED6A4600A02CB0 /* custtexture.png */; };
		598CA4081DED6A4700A02CB0 /* custtexture_bad.png in Resources */ = {isa = PBXBuildFile; fileRef = 598CA2811DED6A4600A02CB0 /* custtexture_bad.png */; };
		598CA4091DED6A4700A02CB0 /* custtexture_green.png in Resources */ = {isa = PBXBuildFile; fileRef = 598CA2821DED6A4600A02CB0 /* custtexture_green.png */; };
		598CA40A1DED6A4700A02CB0 /* custtexture_slow.png in Resources */ = {isa = PBXBuildFile; fileRef = 598CA2831DED6A4600A02CB0 /* custtexture_slow.png */; };
		598CA40B1DED6A4700A02CB0 /* decrease@2x.png in Resources */ = {isa = PBXBuildFile; fileRef = 598CA2841DED6A4600A02CB0 /* decrease@2x.png */; };
		598CA40C1DED6A4700A02CB0 /* delete@3x.png in Resources */ = {isa = PBXBuildFile; fileRef = 598CA2851DED6A4600A02CB0 /* delete@3x.png */; };
		598CA40D1DED6A4700A02CB0 /* download@3x.png in Resources */ = {isa = PBXBuildFile; fileRef = 598CA2861DED6A4600A02CB0 /* download@3x.png */; };
		598CA40E1DED6A4700A02CB0 /* endPoint.png in Resources */ = {isa = PBXBuildFile; fileRef = 598CA2871DED6A4600A02CB0 /* endPoint.png */; };
		598CA40F1DED6A4700A02CB0 /* endPoint@2x.png in Resources */ = {isa = PBXBuildFile; fileRef = 598CA2881DED6A4600A02CB0 /* endPoint@2x.png */; };
		598CA4101DED6A4700A02CB0 /* gpsStat1@2x.png in Resources */ = {isa = PBXBuildFile; fileRef = 598CA2891DED6A4600A02CB0 /* gpsStat1@2x.png */; };
		598CA4111DED6A4700A02CB0 /* gpsStat2@2x.png in Resources */ = {isa = PBXBuildFile; fileRef = 598CA28A1DED6A4600A02CB0 /* gpsStat2@2x.png */; };
		598CA4121DED6A4700A02CB0 /* GWF.png in Resources */ = {isa = PBXBuildFile; fileRef = 598CA28B1DED6A4600A02CB0 /* GWF.png */; };
		598CA4131DED6A4700A02CB0 /* hema.png in Resources */ = {isa = PBXBuildFile; fileRef = 598CA28C1DED6A4600A02CB0 /* hema.png */; };
		598CA4141DED6A4700A02CB0 /* increase@2x.png in Resources */ = {isa = PBXBuildFile; fileRef = 598CA28D1DED6A4600A02CB0 /* increase@2x.png */; };
		598CA5651DED6A4800A02CB0 /* locate@2x.png in Resources */ = {isa = PBXBuildFile; fileRef = 598CA3E21DED6A4700A02CB0 /* locate@2x.png */; };
		598CA5661DED6A4800A02CB0 /* man@2x.png in Resources */ = {isa = PBXBuildFile; fileRef = 598CA3E31DED6A4700A02CB0 /* man@2x.png */; };
		598CA5671DED6A4800A02CB0 /* navi@2x.png in Resources */ = {isa = PBXBuildFile; fileRef = 598CA3E41DED6A4700A02CB0 /* navi@2x.png */; };
		598CA5681DED6A4800A02CB0 /* naviBackgroundHighlighted.png in Resources */ = {isa = PBXBuildFile; fileRef = 598CA3E51DED6A4700A02CB0 /* naviBackgroundHighlighted.png */; };
		598CA5691DED6A4800A02CB0 /* naviBackgroundNormal.png in Resources */ = {isa = PBXBuildFile; fileRef = 598CA3E61DED6A4700A02CB0 /* naviBackgroundNormal.png */; };
		598CA56A1DED6A4800A02CB0 /* pause@3x.png in Resources */ = {isa = PBXBuildFile; fileRef = 598CA3E71DED6A4700A02CB0 /* pause@3x.png */; };
		598CA56B1DED6A4800A02CB0 /* railway_station@2x.png in Resources */ = {isa = PBXBuildFile; fileRef = 598CA3E81DED6A4700A02CB0 /* railway_station@2x.png */; };
		598CA56C1DED6A4800A02CB0 /* search@2x.png in Resources */ = {isa = PBXBuildFile; fileRef = 598CA3E91DED6A4700A02CB0 /* search@2x.png */; };
		598CA56D1DED6A4800A02CB0 /* startPoint.png in Resources */ = {isa = PBXBuildFile; fileRef = 598CA3EA1DED6A4700A02CB0 /* startPoint.png */; };
		598CA56E1DED6A4800A02CB0 /* startPoint@2x.png in Resources */ = {isa = PBXBuildFile; fileRef = 598CA3EB1DED6A4700A02CB0 /* startPoint@2x.png */; };
		598CA56F1DED6A4800A02CB0 /* userPosition.png in Resources */ = {isa = PBXBuildFile; fileRef = 598CA3EC1DED6A4700A02CB0 /* userPosition.png */; };
		598CA5701DED6A4800A02CB0 /* userPosition@2x.png in Resources */ = {isa = PBXBuildFile; fileRef = 598CA3ED1DED6A4700A02CB0 /* userPosition@2x.png */; };
		598CA5711DED6A4800A02CB0 /* running_record.json in Resources */ = {isa = PBXBuildFile; fileRef = 598CA3EE1DED6A4700A02CB0 /* running_record.json */; };
		598CA5721DED6A4800A02CB0 /* AMapTrace01.txt in Resources */ = {isa = PBXBuildFile; fileRef = 598CA3F01DED6A4700A02CB0 /* AMapTrace01.txt */; };
		598CA5731DED6A4800A02CB0 /* AMapTrace04.txt in Resources */ = {isa = PBXBuildFile; fileRef = 598CA3F11DED6A4700A02CB0 /* AMapTrace04.txt */; };
		598CA5741DED6A4800A02CB0 /* GPSTrace02.txt in Resources */ = {isa = PBXBuildFile; fileRef = 598CA3F21DED6A4700A02CB0 /* GPSTrace02.txt */; };
		598CA5751DED6A4800A02CB0 /* GPSTrace04.txt in Resources */ = {isa = PBXBuildFile; fileRef = 598CA3F31DED6A4700A02CB0 /* GPSTrace04.txt */; };
		598CA5771DED80C400A02CB0 /* NoticeViewController.swift in Sources */ = {isa = PBXBuildFile; fileRef = 598CA5761DED80C400A02CB0 /* NoticeViewController.swift */; };
		598CA5791DED84AB00A02CB0 /* AMapLocationKit.framework in Frameworks */ = {isa = PBXBuildFile; fileRef = 598CA5781DED84AB00A02CB0 /* AMapLocationKit.framework */; };
		598CA57B1DED855800A02CB0 /* MAMapKit.framework in Frameworks */ = {isa = PBXBuildFile; fileRef = 598CA57A1DED855800A02CB0 /* MAMapKit.framework */; };
		598CA5801DEE636900A02CB0 /* AMap.bundle in Resources */ = {isa = PBXBuildFile; fileRef = 598CA57F1DEE636900A02CB0 /* AMap.bundle */; };
		598CA5831DEE8EF000A02CB0 /* QueryViewController.swift in Sources */ = {isa = PBXBuildFile; fileRef = 598CA5821DEE8EF000A02CB0 /* QueryViewController.swift */; };
		5993C9201DF00A8700EFA414 /* CustomScrollView.swift in Sources */ = {isa = PBXBuildFile; fileRef = 5993C91F1DF00A8700EFA414 /* CustomScrollView.swift */; };
		59992ED11DF7E000003AB3B1 /* ResponFromHttp.swift in Sources */ = {isa = PBXBuildFile; fileRef = 59992ED01DF7E000003AB3B1 /* ResponFromHttp.swift */; };
		59992EFD1DF92F42003AB3B1 /* Jcxx.swift in Sources */ = {isa = PBXBuildFile; fileRef = 59992EFC1DF92F42003AB3B1 /* Jcxx.swift */; };
		59B814391DE0012200F341AC /* AppDelegate.swift in Sources */ = {isa = PBXBuildFile; fileRef = 59B814381DE0012200F341AC /* AppDelegate.swift */; };
		59B8143E1DE0012200F341AC /* Main.storyboard in Resources */ = {isa = PBXBuildFile; fileRef = 59B8143C1DE0012200F341AC /* Main.storyboard */; };
		59B814431DE0012300F341AC /* Assets.xcassets in Resources */ = {isa = PBXBuildFile; fileRef = 59B814421DE0012300F341AC /* Assets.xcassets */; };
		59B814461DE0012300F341AC /* LaunchScreen.storyboard in Resources */ = {isa = PBXBuildFile; fileRef = 59B814441DE0012300F341AC /* LaunchScreen.storyboard */; };
		59B814831DE0200E00F341AC /* BackgroundLocationViewController.swift in Sources */ = {isa = PBXBuildFile; fileRef = 59B8147A1DE0200E00F341AC /* BackgroundLocationViewController.swift */; };
		59B814841DE0200E00F341AC /* MonitoringRegionViewController.swift in Sources */ = {isa = PBXBuildFile; fileRef = 59B8147C1DE0200E00F341AC /* MonitoringRegionViewController.swift */; };
		59B814851DE0200E00F341AC /* SerialLocationViewController.swift in Sources */ = {isa = PBXBuildFile; fileRef = 59B8147E1DE0200E00F341AC /* SerialLocationViewController.swift */; };
		59B814861DE0200E00F341AC /* SingleLocationViewController.swift in Sources */ = {isa = PBXBuildFile; fileRef = 59B814801DE0200E00F341AC /* SingleLocationViewController.swift */; };
		59B814871DE0200E00F341AC /* SingleLocationAloneViewController.swift in Sources */ = {isa = PBXBuildFile; fileRef = 59B814821DE0200E00F341AC /* SingleLocationAloneViewController.swift */; };
		59B814891DE0299300F341AC /* MainViewController.swift in Sources */ = {isa = PBXBuildFile; fileRef = 59B814881DE0299300F341AC /* MainViewController.swift */; };
		59B8148E1DE02D1C00F341AC /* CustomCellTableViewCell.swift in Sources */ = {isa = PBXBuildFile; fileRef = 59B8148C1DE02D1C00F341AC /* CustomCellTableViewCell.swift */; };
		59B8148F1DE02D1C00F341AC /* CustomCellTableViewCell.xib in Resources */ = {isa = PBXBuildFile; fileRef = 59B8148D1DE02D1C00F341AC /* CustomCellTableViewCell.xib */; };
		59B814961DE03D9800F341AC /* TableViewController.swift in Sources */ = {isa = PBXBuildFile; fileRef = 59B814951DE03D9800F341AC /* TableViewController.swift */; };
		59B814991DE0542A00F341AC /* StartMonistroViewController.swift in Sources */ = {isa = PBXBuildFile; fileRef = 59B814971DE0542A00F341AC /* StartMonistroViewController.swift */; };
		59B8149C1DE2930A00F341AC /* MapViewController.swift in Sources */ = {isa = PBXBuildFile; fileRef = 59B8149B1DE2930A00F341AC /* MapViewController.swift */; };
		59C64DAF1DE442FD00167B36 /* DailyViewController.swift in Sources */ = {isa = PBXBuildFile; fileRef = 59C64DAE1DE442FD00167B36 /* DailyViewController.swift */; };
		59C64DB21DE4442300167B36 /* PassDictionary.swift in Sources */ = {isa = PBXBuildFile; fileRef = 59C64DB11DE4442300167B36 /* PassDictionary.swift */; };
		59C64DB61DE56C6F00167B36 /* ItemTextField.swift in Sources */ = {isa = PBXBuildFile; fileRef = 59C64DB51DE56C6F00167B36 /* ItemTextField.swift */; };
		59C64DEA1DE6DF7900167B36 /* yyyb.sqlite in Resources */ = {isa = PBXBuildFile; fileRef = 59C64DE71DE6DF7900167B36 /* yyyb.sqlite */; };
		59C64DEB1DE6DF7900167B36 /* yyyb.sqlite-shm in Resources */ = {isa = PBXBuildFile; fileRef = 59C64DE81DE6DF7900167B36 /* yyyb.sqlite-shm */; };
		59C64DEC1DE6DF7900167B36 /* yyyb.sqlite-wal in Resources */ = {isa = PBXBuildFile; fileRef = 59C64DE91DE6DF7900167B36 /* yyyb.sqlite-wal */; };
		59C64DF01DE7EBDB00167B36 /* CustomButton.swift in Sources */ = {isa = PBXBuildFile; fileRef = 59C64DEF1DE7EBDB00167B36 /* CustomButton.swift */; };
		59C64DF41DE7F6DC00167B36 /* AnimalSpeciesTableViewController.swift in Sources */ = {isa = PBXBuildFile; fileRef = 59C64DF31DE7F6DC00167B36 /* AnimalSpeciesTableViewController.swift */; };
		59C64DFA1DE821E100167B36 /* ExpressViewController.swift in Sources */ = {isa = PBXBuildFile; fileRef = 59C64DF91DE821E100167B36 /* ExpressViewController.swift */; };
		59CF33491DFE972E009F111C /* YykSeatchTableViewController.swift in Sources */ = {isa = PBXBuildFile; fileRef = 59CF33481DFE972E009F111C /* YykSeatchTableViewController.swift */; };
		59CF334C1DFF85B3009F111C /* TabBarCustom.swift in Sources */ = {isa = PBXBuildFile; fileRef = 59CF334B1DFF85B3009F111C /* TabBarCustom.swift */; };
		59CF334E1DFF960C009F111C /* RbxxViewController.swift in Sources */ = {isa = PBXBuildFile; fileRef = 59CF334D1DFF960C009F111C /* RbxxViewController.swift */; };
		59CF33501DFF9618009F111C /* KbxxViewController.swift in Sources */ = {isa = PBXBuildFile; fileRef = 59CF334F1DFF9618009F111C /* KbxxViewController.swift */; };
/* End PBXBuildFile section */

/* Begin PBXFileReference section */
		098D932C39CC62D27DEA0874 /* Pods-yyyb.debug.xcconfig */ = {isa = PBXFileReference; includeInIndex = 1; lastKnownFileType = text.xcconfig; name = "Pods-yyyb.debug.xcconfig"; path = "Pods/Target Support Files/Pods-yyyb/Pods-yyyb.debug.xcconfig"; sourceTree = "<group>"; };
		590A59681DF952F2002B0214 /* yyyb.xcdatamodel */ = {isa = PBXFileReference; lastKnownFileType = wrapper.xcdatamodel; path = yyyb.xcdatamodel; sourceTree = "<group>"; };
		590A596E1DF96432002B0214 /* yydm.json */ = {isa = PBXFileReference; fileEncoding = 4; lastKnownFileType = text.json; path = yydm.json; sourceTree = SOURCE_ROOT; };
		590A59701DFA3440002B0214 /* yy.json */ = {isa = PBXFileReference; fileEncoding = 4; lastKnownFileType = text.json; path = yy.json; sourceTree = SOURCE_ROOT; };
		590B36171E05125900D9ED8F /* ShowRbxxDetailViewController.swift */ = {isa = PBXFileReference; fileEncoding = 4; lastKnownFileType = sourcecode.swift; path = ShowRbxxDetailViewController.swift; sourceTree = "<group>"; };
		590B92461E04CA2900BF5F56 /* ybdm.json */ = {isa = PBXFileReference; fileEncoding = 4; lastKnownFileType = text.json; path = ybdm.json; sourceTree = "<group>"; };
		590B92481E04D4B300BF5F56 /* ShowRbxxViewController.swift */ = {isa = PBXFileReference; fileEncoding = 4; lastKnownFileType = sourcecode.swift; path = ShowRbxxViewController.swift; sourceTree = "<group>"; };
		590B924A1E04D4C000BF5F56 /* ShowKbxxViewController.swift */ = {isa = PBXFileReference; fileEncoding = 4; lastKnownFileType = sourcecode.swift; path = ShowKbxxViewController.swift; sourceTree = "<group>"; };
		590B924C1E04D55800BF5F56 /* ShowRecoredViewController.swift */ = {isa = PBXFileReference; fileEncoding = 4; lastKnownFileType = sourcecode.swift; path = ShowRecoredViewController.swift; sourceTree = "<group>"; };
		590C2F2A1DFE302F008CF654 /* YykViewControllerTableViewController.swift */ = {isa = PBXFileReference; fileEncoding = 4; lastKnownFileType = sourcecode.swift; path = YykViewControllerTableViewController.swift; sourceTree = "<group>"; };
		590C2F2C1DFE3073008CF654 /* Yyk2TableViewController.swift */ = {isa = PBXFileReference; fileEncoding = 4; lastKnownFileType = sourcecode.swift; path = Yyk2TableViewController.swift; sourceTree = "<group>"; };
		590C2F2E1DFE307F008CF654 /* Yyk3TableViewController.swift */ = {isa = PBXFileReference; fileEncoding = 4; lastKnownFileType = sourcecode.swift; path = Yyk3TableViewController.swift; sourceTree = "<group>"; };
		590C2F301DFE3091008CF654 /* Yyk4TableViewController.swift */ = {isa = PBXFileReference; fileEncoding = 4; lastKnownFileType = sourcecode.swift; path = Yyk4TableViewController.swift; sourceTree = "<group>"; };
		590C2F321DFE30A8008CF654 /* Yyk5ViewController.swift */ = {isa = PBXFileReference; fileEncoding = 4; lastKnownFileType = sourcecode.swift; path = Yyk5ViewController.swift; sourceTree = "<group>"; };
		590C2F361DFE8650008CF654 /* NSString+ZLStringSize.h */ = {isa = PBXFileReference; fileEncoding = 4; lastKnownFileType = sourcecode.c.h; path = "NSString+ZLStringSize.h"; sourceTree = "<group>"; };
		590C2F371DFE8650008CF654 /* NSString+ZLStringSize.m */ = {isa = PBXFileReference; fileEncoding = 4; lastKnownFileType = sourcecode.c.objc; path = "NSString+ZLStringSize.m"; sourceTree = "<group>"; };
		590C2F3A1DFE8650008CF654 /* ZLDropDownMenu.h */ = {isa = PBXFileReference; fileEncoding = 4; lastKnownFileType = sourcecode.c.h; path = ZLDropDownMenu.h; sourceTree = "<group>"; };
		590C2F3B1DFE8650008CF654 /* ZLDropDownMenu.m */ = {isa = PBXFileReference; fileEncoding = 4; lastKnownFileType = sourcecode.c.objc; path = ZLDropDownMenu.m; sourceTree = "<group>"; };
		590C2F3C1DFE8650008CF654 /* ZLDropDownMenuCollectionViewCell.h */ = {isa = PBXFileReference; fileEncoding = 4; lastKnownFileType = sourcecode.c.h; path = ZLDropDownMenuCollectionViewCell.h; sourceTree = "<group>"; };
		590C2F3D1DFE8650008CF654 /* ZLDropDownMenuCollectionViewCell.m */ = {isa = PBXFileReference; fileEncoding = 4; lastKnownFileType = sourcecode.c.objc; path = ZLDropDownMenuCollectionViewCell.m; sourceTree = "<group>"; };
		590C2F3E1DFE8650008CF654 /* ZLDropDownMenuTitleButton.h */ = {isa = PBXFileReference; fileEncoding = 4; lastKnownFileType = sourcecode.c.h; path = ZLDropDownMenuTitleButton.h; sourceTree = "<group>"; };
		590C2F3F1DFE8650008CF654 /* ZLDropDownMenuTitleButton.m */ = {isa = PBXFileReference; fileEncoding = 4; lastKnownFileType = sourcecode.c.objc; path = ZLDropDownMenuTitleButton.m; sourceTree = "<group>"; };
		590C2F401DFE8650008CF654 /* ZLDropDownMenuUICalc.h */ = {isa = PBXFileReference; fileEncoding = 4; lastKnownFileType = sourcecode.c.h; path = ZLDropDownMenuUICalc.h; sourceTree = "<group>"; };
		590C2F411DFE8650008CF654 /* ZLDropDownMenuUICalc.m */ = {isa = PBXFileReference; fileEncoding = 4; lastKnownFileType = sourcecode.c.objc; path = ZLDropDownMenuUICalc.m; sourceTree = "<group>"; };
		592405041E076131009E947A /* CommunicationViewController.swift */ = {isa = PBXFileReference; fileEncoding = 4; lastKnownFileType = sourcecode.swift; path = CommunicationViewController.swift; sourceTree = "<group>"; };
		592405061E07613C009E947A /* ExpertViewController.swift */ = {isa = PBXFileReference; fileEncoding = 4; lastKnownFileType = sourcecode.swift; path = ExpertViewController.swift; sourceTree = "<group>"; };
		592473781DE2D71B0095C683 /* AddViewController.swift */ = {isa = PBXFileReference; fileEncoding = 4; lastKnownFileType = sourcecode.swift; path = AddViewController.swift; sourceTree = "<group>"; };
		5925E72D1DED236D00F75452 /* SettingTableViewController.swift */ = {isa = PBXFileReference; fileEncoding = 4; lastKnownFileType = sourcecode.swift; path = SettingTableViewController.swift; sourceTree = "<group>"; };
		5925E72F1DED2DF800F75452 /* UpdateViewController.swift */ = {isa = PBXFileReference; fileEncoding = 4; lastKnownFileType = sourcecode.swift; path = UpdateViewController.swift; sourceTree = "<group>"; };
		5925E74C1DED4F4F00F75452 /* AMapFoundationKit.framework */ = {isa = PBXFileReference; lastKnownFileType = wrapper.framework; name = AMapFoundationKit.framework; path = Frameworks/AMapFoundationKit.framework; sourceTree = "<group>"; };
		5925E74D1DED4F4F00F75452 /* AMapSearchKit.framework */ = {isa = PBXFileReference; lastKnownFileType = wrapper.framework; name = AMapSearchKit.framework; path = Frameworks/AMapSearchKit.framework; sourceTree = "<group>"; };
		5925E7541DED556900F75452 /* AMapLocationKit.framework */ = {isa = PBXFileReference; lastKnownFileType = wrapper.framework; name = AMapLocationKit.framework; path = ../../../Downloads/AMapLocationKit.framework; sourceTree = "<group>"; };
		592CA8251DF0FA3300A863B5 /* CoreDataStack.swift */ = {isa = PBXFileReference; fileEncoding = 4; lastKnownFileType = sourcecode.swift; path = CoreDataStack.swift; sourceTree = "<group>"; };
		592CA8281DF1093900A863B5 /* YyViewController.swift */ = {isa = PBXFileReference; fileEncoding = 4; lastKnownFileType = sourcecode.swift; path = YyViewController.swift; sourceTree = "<group>"; };
		592CA82B1DF24E5F00A863B5 /* TraceViewController.swift */ = {isa = PBXFileReference; fileEncoding = 4; lastKnownFileType = sourcecode.swift; path = TraceViewController.swift; sourceTree = "<group>"; };
		5932E62D1E0296E300D84D54 /* SaveExpressViewController.swift */ = {isa = PBXFileReference; fileEncoding = 4; lastKnownFileType = sourcecode.swift; path = SaveExpressViewController.swift; sourceTree = "<group>"; };
		5932E62F1E029AC200D84D54 /* CbjlTableViewController.swift */ = {isa = PBXFileReference; fileEncoding = 4; lastKnownFileType = sourcecode.swift; path = CbjlTableViewController.swift; sourceTree = "<group>"; };
		5935CA651DF7C95000D91856 /* LoginViewController.swift */ = {isa = PBXFileReference; fileEncoding = 4; lastKnownFileType = sourcecode.swift; path = LoginViewController.swift; sourceTree = "<group>"; };
		598CA2501DED610700A02CB0 /* Swift-Bridging-Header.h */ = {isa = PBXFileReference; fileEncoding = 4; lastKnownFileType = sourcecode.c.h; path = "Swift-Bridging-Header.h"; sourceTree = "<group>"; };
		598CA2511DED636300A02CB0 /* MAMapKit.framework */ = {isa = PBXFileReference; lastKnownFileType = wrapper.framework; name = MAMapKit.framework; path = ../../../Downloads/AMap_iOS_3DMap_Demo_V4.4.0/Frameworks/MAMapKit.framework; sourceTree = "<group>"; };
		598CA25D1DED666600A02CB0 /* OfflineDetailViewController.h */ = {isa = PBXFileReference; fileEncoding = 4; lastKnownFileType = sourcecode.c.h; path = OfflineDetailViewController.h; sourceTree = "<group>"; };
		598CA25E1DED666600A02CB0 /* OfflineDetailViewController.m */ = {isa = PBXFileReference; fileEncoding = 4; lastKnownFileType = sourcecode.c.objc; path = OfflineDetailViewController.m; sourceTree = "<group>"; };
		598CA25F1DED666600A02CB0 /* OfflineViewController.h */ = {isa = PBXFileReference; fileEncoding = 4; lastKnownFileType = sourcecode.c.h; path = OfflineViewController.h; sourceTree = "<group>"; };
		598CA2601DED666600A02CB0 /* OfflineViewController.m */ = {isa = PBXFileReference; fileEncoding = 4; lastKnownFileType = sourcecode.c.objc; path = OfflineViewController.m; sourceTree = "<group>"; };
		598CA2621DED666600A02CB0 /* MAHeaderView.h */ = {isa = PBXFileReference; fileEncoding = 4; lastKnownFileType = sourcecode.c.h; path = MAHeaderView.h; sourceTree = "<group>"; };
		598CA2631DED666600A02CB0 /* MAHeaderView.m */ = {isa = PBXFileReference; fileEncoding = 4; lastKnownFileType = sourcecode.c.objc; path = MAHeaderView.m; sourceTree = "<group>"; };
		598CA2691DED6A4600A02CB0 /* heatMapData.json */ = {isa = PBXFileReference; fileEncoding = 4; lastKnownFileType = text.json; path = heatMapData.json; sourceTree = "<group>"; };
		598CA26A1DED6A4600A02CB0 /* icon-72.png */ = {isa = PBXFileReference; lastKnownFileType = image.png; path = "icon-72.png"; sourceTree = "<group>"; };
		598CA26B1DED6A4600A02CB0 /* icon-72@2x.png */ = {isa = PBXFileReference; lastKnownFileType = image.png; path = "icon-72@2x.png"; sourceTree = "<group>"; };
		598CA26C1DED6A4600A02CB0 /* icon.png */ = {isa = PBXFileReference; lastKnownFileType = image.png; path = icon.png; sourceTree = "<group>"; };
		598CA26D1DED6A4600A02CB0 /* icon@2x.png */ = {isa = PBXFileReference; lastKnownFileType = image.png; path = "icon@2x.png"; sourceTree = "<group>"; };
		598CA2711DED6A4600A02CB0 /* animatedCar_1.png */ = {isa = PBXFileReference; lastKnownFileType = image.png; path = animatedCar_1.png; sourceTree = "<group>"; };
		598CA2721DED6A4600A02CB0 /* animatedCar_2.png */ = {isa = PBXFileReference; lastKnownFileType = image.png; path = animatedCar_2.png; sourceTree = "<group>"; };
		598CA2731DED6A4600A02CB0 /* animatedCar_3.png */ = {isa = PBXFileReference; lastKnownFileType = image.png; path = animatedCar_3.png; sourceTree = "<group>"; };
		598CA2741DED6A4600A02CB0 /* animatedCar_4.png */ = {isa = PBXFileReference; lastKnownFileType = image.png; path = animatedCar_4.png; sourceTree = "<group>"; };
		598CA2761DED6A4600A02CB0 /* animatedTrain_1.png */ = {isa = PBXFileReference; lastKnownFileType = image.png; path = animatedTrain_1.png; sourceTree = "<group>"; };
		598CA2771DED6A4600A02CB0 /* animatedTrain_2.png */ = {isa = PBXFileReference; lastKnownFileType = image.png; path = animatedTrain_2.png; sourceTree = "<group>"; };
		598CA2781DED6A4600A02CB0 /* animatedTrain_3.png */ = {isa = PBXFileReference; lastKnownFileType = image.png; path = animatedTrain_3.png; sourceTree = "<group>"; };
		598CA2791DED6A4600A02CB0 /* animatedTrain_4.png */ = {isa = PBXFileReference; lastKnownFileType = image.png; path = animatedTrain_4.png; sourceTree = "<group>"; };
		598CA27A1DED6A4600A02CB0 /* arrow_right.png */ = {isa = PBXFileReference; lastKnownFileType = image.png; path = arrow_right.png; sourceTree = "<group>"; };
		598CA27B1DED6A4600A02CB0 /* arrow_right@2x.png */ = {isa = PBXFileReference; lastKnownFileType = image.png; path = "arrow_right@2x.png"; sourceTree = "<group>"; };
		598CA27C1DED6A4600A02CB0 /* arrowTexture.png */ = {isa = PBXFileReference; lastKnownFileType = image.png; path = arrowTexture.png; sourceTree = "<group>"; };
		598CA27D1DED6A4600A02CB0 /* bus@2x.png */ = {isa = PBXFileReference; lastKnownFileType = image.png; path = "bus@2x.png"; sourceTree = "<group>"; };
		598CA27E1DED6A4600A02CB0 /* car@2x.png */ = {isa = PBXFileReference; lastKnownFileType = image.png; path = "car@2x.png"; sourceTree = "<group>"; };
		598CA27F1DED6A4600A02CB0 /* compass@2x.png */ = {isa = PBXFileReference; lastKnownFileType = image.png; path = "compass@2x.png"; sourceTree = "<group>"; };
		598CA2801DED6A4600A02CB0 /* custtexture.png */ = {isa = PBXFileReference; lastKnownFileType = image.png; path = custtexture.png; sourceTree = "<group>"; };
		598CA2811DED6A4600A02CB0 /* custtexture_bad.png */ = {isa = PBXFileReference; lastKnownFileType = image.png; path = custtexture_bad.png; sourceTree = "<group>"; };
		598CA2821DED6A4600A02CB0 /* custtexture_green.png */ = {isa = PBXFileReference; lastKnownFileType = image.png; path = custtexture_green.png; sourceTree = "<group>"; };
		598CA2831DED6A4600A02CB0 /* custtexture_slow.png */ = {isa = PBXFileReference; lastKnownFileType = image.png; path = custtexture_slow.png; sourceTree = "<group>"; };
		598CA2841DED6A4600A02CB0 /* decrease@2x.png */ = {isa = PBXFileReference; lastKnownFileType = image.png; path = "decrease@2x.png"; sourceTree = "<group>"; };
		598CA2851DED6A4600A02CB0 /* delete@3x.png */ = {isa = PBXFileReference; lastKnownFileType = image.png; path = "delete@3x.png"; sourceTree = "<group>"; };
		598CA2861DED6A4600A02CB0 /* download@3x.png */ = {isa = PBXFileReference; lastKnownFileType = image.png; path = "download@3x.png"; sourceTree = "<group>"; };
		598CA2871DED6A4600A02CB0 /* endPoint.png */ = {isa = PBXFileReference; lastKnownFileType = image.png; path = endPoint.png; sourceTree = "<group>"; };
		598CA2881DED6A4600A02CB0 /* endPoint@2x.png */ = {isa = PBXFileReference; lastKnownFileType = image.png; path = "endPoint@2x.png"; sourceTree = "<group>"; };
		598CA2891DED6A4600A02CB0 /* gpsStat1@2x.png */ = {isa = PBXFileReference; lastKnownFileType = image.png; path = "gpsStat1@2x.png"; sourceTree = "<group>"; };
		598CA28A1DED6A4600A02CB0 /* gpsStat2@2x.png */ = {isa = PBXFileReference; lastKnownFileType = image.png; path = "gpsStat2@2x.png"; sourceTree = "<group>"; };
		598CA28B1DED6A4600A02CB0 /* GWF.png */ = {isa = PBXFileReference; lastKnownFileType = image.png; path = GWF.png; sourceTree = "<group>"; };
		598CA28C1DED6A4600A02CB0 /* hema.png */ = {isa = PBXFileReference; lastKnownFileType = image.png; path = hema.png; sourceTree = "<group>"; };
		598CA28D1DED6A4600A02CB0 /* increase@2x.png */ = {isa = PBXFileReference; lastKnownFileType = image.png; path = "increase@2x.png"; sourceTree = "<group>"; };
		598CA3E21DED6A4700A02CB0 /* locate@2x.png */ = {isa = PBXFileReference; lastKnownFileType = image.png; path = "locate@2x.png"; sourceTree = "<group>"; };
		598CA3E31DED6A4700A02CB0 /* man@2x.png */ = {isa = PBXFileReference; lastKnownFileType = image.png; path = "man@2x.png"; sourceTree = "<group>"; };
		598CA3E41DED6A4700A02CB0 /* navi@2x.png */ = {isa = PBXFileReference; lastKnownFileType = image.png; path = "navi@2x.png"; sourceTree = "<group>"; };
		598CA3E51DED6A4700A02CB0 /* naviBackgroundHighlighted.png */ = {isa = PBXFileReference; lastKnownFileType = image.png; path = naviBackgroundHighlighted.png; sourceTree = "<group>"; };
		598CA3E61DED6A4700A02CB0 /* naviBackgroundNormal.png */ = {isa = PBXFileReference; lastKnownFileType = image.png; path = naviBackgroundNormal.png; sourceTree = "<group>"; };
		598CA3E71DED6A4700A02CB0 /* pause@3x.png */ = {isa = PBXFileReference; lastKnownFileType = image.png; path = "pause@3x.png"; sourceTree = "<group>"; };
		598CA3E81DED6A4700A02CB0 /* railway_station@2x.png */ = {isa = PBXFileReference; lastKnownFileType = image.png; path = "railway_station@2x.png"; sourceTree = "<group>"; };
		598CA3E91DED6A4700A02CB0 /* search@2x.png */ = {isa = PBXFileReference; lastKnownFileType = image.png; path = "search@2x.png"; sourceTree = "<group>"; };
		598CA3EA1DED6A4700A02CB0 /* startPoint.png */ = {isa = PBXFileReference; lastKnownFileType = image.png; path = startPoint.png; sourceTree = "<group>"; };
		598CA3EB1DED6A4700A02CB0 /* startPoint@2x.png */ = {isa = PBXFileReference; lastKnownFileType = image.png; path = "startPoint@2x.png"; sourceTree = "<group>"; };
		598CA3EC1DED6A4700A02CB0 /* userPosition.png */ = {isa = PBXFileReference; lastKnownFileType = image.png; path = userPosition.png; sourceTree = "<group>"; };
		598CA3ED1DED6A4700A02CB0 /* userPosition@2x.png */ = {isa = PBXFileReference; lastKnownFileType = image.png; path = "userPosition@2x.png"; sourceTree = "<group>"; };
		598CA3EE1DED6A4700A02CB0 /* running_record.json */ = {isa = PBXFileReference; fileEncoding = 4; lastKnownFileType = text.json; path = running_record.json; sourceTree = "<group>"; };
		598CA3F01DED6A4700A02CB0 /* AMapTrace01.txt */ = {isa = PBXFileReference; fileEncoding = 4; lastKnownFileType = text; path = AMapTrace01.txt; sourceTree = "<group>"; };
		598CA3F11DED6A4700A02CB0 /* AMapTrace04.txt */ = {isa = PBXFileReference; fileEncoding = 4; lastKnownFileType = text; path = AMapTrace04.txt; sourceTree = "<group>"; };
		598CA3F21DED6A4700A02CB0 /* GPSTrace02.txt */ = {isa = PBXFileReference; fileEncoding = 4; lastKnownFileType = text; path = GPSTrace02.txt; sourceTree = "<group>"; };
		598CA3F31DED6A4700A02CB0 /* GPSTrace04.txt */ = {isa = PBXFileReference; fileEncoding = 4; lastKnownFileType = text; path = GPSTrace04.txt; sourceTree = "<group>"; };
		598CA5761DED80C400A02CB0 /* NoticeViewController.swift */ = {isa = PBXFileReference; fileEncoding = 4; lastKnownFileType = sourcecode.swift; path = NoticeViewController.swift; sourceTree = "<group>"; };
		598CA5781DED84AB00A02CB0 /* AMapLocationKit.framework */ = {isa = PBXFileReference; lastKnownFileType = wrapper.framework; name = AMapLocationKit.framework; path = Frameworks/AMapLocationKit.framework; sourceTree = "<group>"; };
		598CA57A1DED855800A02CB0 /* MAMapKit.framework */ = {isa = PBXFileReference; lastKnownFileType = wrapper.framework; name = MAMapKit.framework; path = Frameworks/MAMapKit.framework; sourceTree = "<group>"; };
		598CA57F1DEE636900A02CB0 /* AMap.bundle */ = {isa = PBXFileReference; lastKnownFileType = "wrapper.plug-in"; name = AMap.bundle; path = Frameworks/MAMapKit.framework/AMap.bundle; sourceTree = "<group>"; };
		598CA5821DEE8EF000A02CB0 /* QueryViewController.swift */ = {isa = PBXFileReference; fileEncoding = 4; lastKnownFileType = sourcecode.swift; path = QueryViewController.swift; sourceTree = "<group>"; };
		5993C91F1DF00A8700EFA414 /* CustomScrollView.swift */ = {isa = PBXFileReference; fileEncoding = 4; lastKnownFileType = sourcecode.swift; path = CustomScrollView.swift; sourceTree = "<group>"; };
		59992ED01DF7E000003AB3B1 /* ResponFromHttp.swift */ = {isa = PBXFileReference; fileEncoding = 4; lastKnownFileType = sourcecode.swift; path = ResponFromHttp.swift; sourceTree = "<group>"; };
		59992EFC1DF92F42003AB3B1 /* Jcxx.swift */ = {isa = PBXFileReference; fileEncoding = 4; lastKnownFileType = sourcecode.swift; path = Jcxx.swift; sourceTree = "<group>"; };
		59B814351DE0012200F341AC /* yyyb.app */ = {isa = PBXFileReference; explicitFileType = wrapper.application; includeInIndex = 0; path = yyyb.app; sourceTree = BUILT_PRODUCTS_DIR; };
		59B814381DE0012200F341AC /* AppDelegate.swift */ = {isa = PBXFileReference; lastKnownFileType = sourcecode.swift; path = AppDelegate.swift; sourceTree = "<group>"; };
		59B8143D1DE0012200F341AC /* Base */ = {isa = PBXFileReference; lastKnownFileType = file.storyboard; name = Base; path = Base.lproj/Main.storyboard; sourceTree = "<group>"; };
		59B814421DE0012300F341AC /* Assets.xcassets */ = {isa = PBXFileReference; lastKnownFileType = folder.assetcatalog; path = Assets.xcassets; sourceTree = "<group>"; };
		59B814451DE0012300F341AC /* Base */ = {isa = PBXFileReference; lastKnownFileType = file.storyboard; name = Base; path = Base.lproj/LaunchScreen.storyboard; sourceTree = "<group>"; };
		59B814471DE0012300F341AC /* Info.plist */ = {isa = PBXFileReference; lastKnownFileType = text.plist.xml; path = Info.plist; sourceTree = "<group>"; };
		59B814571DE002AF00F341AC /* Security.framework */ = {isa = PBXFileReference; lastKnownFileType = wrapper.framework; name = Security.framework; path = System/Library/Frameworks/Security.framework; sourceTree = SDKROOT; };
		59B814591DE002B600F341AC /* libstdc++.6.0.9.tbd */ = {isa = PBXFileReference; lastKnownFileType = "sourcecode.text-based-dylib-definition"; name = "libstdc++.6.0.9.tbd"; path = "usr/lib/libstdc++.6.0.9.tbd"; sourceTree = SDKROOT; };
		59B8145B1DE002BD00F341AC /* CoreTelephony.framework */ = {isa = PBXFileReference; lastKnownFileType = wrapper.framework; name = CoreTelephony.framework; path = System/Library/Frameworks/CoreTelephony.framework; sourceTree = SDKROOT; };
		59B8145D1DE002C600F341AC /* SystemConfiguration.framework */ = {isa = PBXFileReference; lastKnownFileType = wrapper.framework; name = SystemConfiguration.framework; path = System/Library/Frameworks/SystemConfiguration.framework; sourceTree = SDKROOT; };
		59B8145F1DE002D200F341AC /* libc++.tbd */ = {isa = PBXFileReference; lastKnownFileType = "sourcecode.text-based-dylib-definition"; name = "libc++.tbd"; path = "usr/lib/libc++.tbd"; sourceTree = SDKROOT; };
		59B814611DE002D900F341AC /* libz.tbd */ = {isa = PBXFileReference; lastKnownFileType = "sourcecode.text-based-dylib-definition"; name = libz.tbd; path = usr/lib/libz.tbd; sourceTree = SDKROOT; };
		59B814631DE0030B00F341AC /* UIKit.framework */ = {isa = PBXFileReference; lastKnownFileType = wrapper.framework; name = UIKit.framework; path = System/Library/Frameworks/UIKit.framework; sourceTree = SDKROOT; };
		59B814651DE0032100F341AC /* Foundation.framework */ = {isa = PBXFileReference; lastKnownFileType = wrapper.framework; name = Foundation.framework; path = System/Library/Frameworks/Foundation.framework; sourceTree = SDKROOT; };
		59B814671DE0033300F341AC /* JavaScriptCore.framework */ = {isa = PBXFileReference; lastKnownFileType = wrapper.framework; name = JavaScriptCore.framework; path = System/Library/Frameworks/JavaScriptCore.framework; sourceTree = SDKROOT; };
		59B8146C1DE0077D00F341AC /* APIKey.h */ = {isa = PBXFileReference; fileEncoding = 4; lastKnownFileType = sourcecode.c.h; path = APIKey.h; sourceTree = "<group>"; };
		59B8147A1DE0200E00F341AC /* BackgroundLocationViewController.swift */ = {isa = PBXFileReference; fileEncoding = 4; lastKnownFileType = sourcecode.swift; path = BackgroundLocationViewController.swift; sourceTree = "<group>"; };
		59B8147C1DE0200E00F341AC /* MonitoringRegionViewController.swift */ = {isa = PBXFileReference; fileEncoding = 4; lastKnownFileType = sourcecode.swift; path = MonitoringRegionViewController.swift; sourceTree = "<group>"; };
		59B8147E1DE0200E00F341AC /* SerialLocationViewController.swift */ = {isa = PBXFileReference; fileEncoding = 4; lastKnownFileType = sourcecode.swift; path = SerialLocationViewController.swift; sourceTree = "<group>"; };
		59B814801DE0200E00F341AC /* SingleLocationViewController.swift */ = {isa = PBXFileReference; fileEncoding = 4; lastKnownFileType = sourcecode.swift; path = SingleLocationViewController.swift; sourceTree = "<group>"; };
		59B814821DE0200E00F341AC /* SingleLocationAloneViewController.swift */ = {isa = PBXFileReference; fileEncoding = 4; lastKnownFileType = sourcecode.swift; path = SingleLocationAloneViewController.swift; sourceTree = "<group>"; };
		59B814881DE0299300F341AC /* MainViewController.swift */ = {isa = PBXFileReference; fileEncoding = 4; lastKnownFileType = sourcecode.swift; path = MainViewController.swift; sourceTree = "<group>"; };
		59B8148C1DE02D1C00F341AC /* CustomCellTableViewCell.swift */ = {isa = PBXFileReference; fileEncoding = 4; lastKnownFileType = sourcecode.swift; path = CustomCellTableViewCell.swift; sourceTree = "<group>"; };
		59B8148D1DE02D1C00F341AC /* CustomCellTableViewCell.xib */ = {isa = PBXFileReference; fileEncoding = 4; lastKnownFileType = file.xib; path = CustomCellTableViewCell.xib; sourceTree = "<group>"; };
		59B814951DE03D9800F341AC /* TableViewController.swift */ = {isa = PBXFileReference; fileEncoding = 4; lastKnownFileType = sourcecode.swift; path = TableViewController.swift; sourceTree = "<group>"; };
		59B814971DE0542A00F341AC /* StartMonistroViewController.swift */ = {isa = PBXFileReference; fileEncoding = 4; lastKnownFileType = sourcecode.swift; name = StartMonistroViewController.swift; path = ../StartMonistroViewController.swift; sourceTree = "<group>"; };
		59B8149B1DE2930A00F341AC /* MapViewController.swift */ = {isa = PBXFileReference; fileEncoding = 4; lastKnownFileType = sourcecode.swift; path = MapViewController.swift; sourceTree = "<group>"; };
		59C64DAE1DE442FD00167B36 /* DailyViewController.swift */ = {isa = PBXFileReference; fileEncoding = 4; lastKnownFileType = sourcecode.swift; path = DailyViewController.swift; sourceTree = "<group>"; };
		59C64DB11DE4442300167B36 /* PassDictionary.swift */ = {isa = PBXFileReference; fileEncoding = 4; lastKnownFileType = sourcecode.swift; path = PassDictionary.swift; sourceTree = "<group>"; };
		59C64DB51DE56C6F00167B36 /* ItemTextField.swift */ = {isa = PBXFileReference; fileEncoding = 4; lastKnownFileType = sourcecode.swift; path = ItemTextField.swift; sourceTree = "<group>"; };
		59C64DE71DE6DF7900167B36 /* yyyb.sqlite */ = {isa = PBXFileReference; lastKnownFileType = file; path = yyyb.sqlite; sourceTree = "<group>"; };
		59C64DE81DE6DF7900167B36 /* yyyb.sqlite-shm */ = {isa = PBXFileReference; lastKnownFileType = file; path = "yyyb.sqlite-shm"; sourceTree = "<group>"; };
		59C64DE91DE6DF7900167B36 /* yyyb.sqlite-wal */ = {isa = PBXFileReference; fileEncoding = 4; lastKnownFileType = text; path = "yyyb.sqlite-wal"; sourceTree = "<group>"; };
		59C64DEF1DE7EBDB00167B36 /* CustomButton.swift */ = {isa = PBXFileReference; fileEncoding = 4; lastKnownFileType = sourcecode.swift; path = CustomButton.swift; sourceTree = "<group>"; };
		59C64DF31DE7F6DC00167B36 /* AnimalSpeciesTableViewController.swift */ = {isa = PBXFileReference; fileEncoding = 4; lastKnownFileType = sourcecode.swift; path = AnimalSpeciesTableViewController.swift; sourceTree = "<group>"; };
		59C64DF91DE821E100167B36 /* ExpressViewController.swift */ = {isa = PBXFileReference; fileEncoding = 4; lastKnownFileType = sourcecode.swift; path = ExpressViewController.swift; sourceTree = "<group>"; };
		59CF33481DFE972E009F111C /* YykSeatchTableViewController.swift */ = {isa = PBXFileReference; fileEncoding = 4; lastKnownFileType = sourcecode.swift; path = YykSeatchTableViewController.swift; sourceTree = "<group>"; };
		59CF334B1DFF85B3009F111C /* TabBarCustom.swift */ = {isa = PBXFileReference; fileEncoding = 4; lastKnownFileType = sourcecode.swift; path = TabBarCustom.swift; sourceTree = "<group>"; };
		59CF334D1DFF960C009F111C /* RbxxViewController.swift */ = {isa = PBXFileReference; fileEncoding = 4; lastKnownFileType = sourcecode.swift; path = RbxxViewController.swift; sourceTree = "<group>"; };
		59CF334F1DFF9618009F111C /* KbxxViewController.swift */ = {isa = PBXFileReference; fileEncoding = 4; lastKnownFileType = sourcecode.swift; path = KbxxViewController.swift; sourceTree = "<group>"; };
		D95EADF894722EDFF3C11FFB /* Pods-yyyb.release.xcconfig */ = {isa = PBXFileReference; includeInIndex = 1; lastKnownFileType = text.xcconfig; name = "Pods-yyyb.release.xcconfig"; path = "Pods/Target Support Files/Pods-yyyb/Pods-yyyb.release.xcconfig"; sourceTree = "<group>"; };
		F7FE58936FF5507A67F00879 /* Pods_yyyb.framework */ = {isa = PBXFileReference; explicitFileType = wrapper.framework; includeInIndex = 0; path = Pods_yyyb.framework; sourceTree = BUILT_PRODUCTS_DIR; };
/* End PBXFileReference section */

/* Begin PBXFrameworksBuildPhase section */
		59B814321DE0012200F341AC /* Frameworks */ = {
			isa = PBXFrameworksBuildPhase;
			buildActionMask = 2147483647;
			files = (
				598CA57B1DED855800A02CB0 /* MAMapKit.framework in Frameworks */,
				598CA5791DED84AB00A02CB0 /* AMapLocationKit.framework in Frameworks */,
				598CA25B1DED645800A02CB0 /* SystemConfiguration.framework in Frameworks */,
				598CA25A1DED645000A02CB0 /* CoreTelephony.framework in Frameworks */,
				598CA2591DED644400A02CB0 /* Security.framework in Frameworks */,
				598CA2581DED643C00A02CB0 /* libstdc++.6.0.9.tbd in Frameworks */,
				598CA2571DED642E00A02CB0 /* libc++.tbd in Frameworks */,
				598CA2551DED641700A02CB0 /* AMapFoundationKit.framework in Frameworks */,
				598CA2561DED641700A02CB0 /* AMapSearchKit.framework in Frameworks */,
				598CA2541DED63FE00A02CB0 /* JavaScriptCore.framework in Frameworks */,
				598CA2531DED63F200A02CB0 /* libz.tbd in Frameworks */,
				30A2B13EB45B51A038260371 /* Pods_yyyb.framework in Frameworks */,
			);
			runOnlyForDeploymentPostprocessing = 0;
		};
/* End PBXFrameworksBuildPhase section */

/* Begin PBXGroup section */
		4D67218ACAA960401C450D6C /* Pods */ = {
			isa = PBXGroup;
			children = (
				098D932C39CC62D27DEA0874 /* Pods-yyyb.debug.xcconfig */,
				D95EADF894722EDFF3C11FFB /* Pods-yyyb.release.xcconfig */,
			);
			name = Pods;
			sourceTree = "<group>";
		};
		590C2F291DFE300F008CF654 /* yyk */ = {
			isa = PBXGroup;
			children = (
				590C2F2A1DFE302F008CF654 /* YykViewControllerTableViewController.swift */,
				590C2F2C1DFE3073008CF654 /* Yyk2TableViewController.swift */,
				590C2F2E1DFE307F008CF654 /* Yyk3TableViewController.swift */,
				590C2F301DFE3091008CF654 /* Yyk4TableViewController.swift */,
				590C2F321DFE30A8008CF654 /* Yyk5ViewController.swift */,
				59CF33481DFE972E009F111C /* YykSeatchTableViewController.swift */,
			);
			name = yyk;
			sourceTree = "<group>";
		};
		590C2F341DFE8650008CF654 /* ZLDropDownMenu */ = {
			isa = PBXGroup;
			children = (
				590C2F351DFE8650008CF654 /* Categories */,
				590C2F381DFE8650008CF654 /* Utils */,
				590C2F3A1DFE8650008CF654 /* ZLDropDownMenu.h */,
				590C2F3B1DFE8650008CF654 /* ZLDropDownMenu.m */,
				590C2F3C1DFE8650008CF654 /* ZLDropDownMenuCollectionViewCell.h */,
				590C2F3D1DFE8650008CF654 /* ZLDropDownMenuCollectionViewCell.m */,
				590C2F3E1DFE8650008CF654 /* ZLDropDownMenuTitleButton.h */,
				590C2F3F1DFE8650008CF654 /* ZLDropDownMenuTitleButton.m */,
				590C2F401DFE8650008CF654 /* ZLDropDownMenuUICalc.h */,
				590C2F411DFE8650008CF654 /* ZLDropDownMenuUICalc.m */,
			);
			path = ZLDropDownMenu;
			sourceTree = "<group>";
		};
		590C2F351DFE8650008CF654 /* Categories */ = {
			isa = PBXGroup;
			children = (
				590C2F361DFE8650008CF654 /* NSString+ZLStringSize.h */,
				590C2F371DFE8650008CF654 /* NSString+ZLStringSize.m */,
			);
			path = Categories;
			sourceTree = "<group>";
		};
		590C2F381DFE8650008CF654 /* Utils */ = {
			isa = PBXGroup;
			children = (
			);
			path = Utils;
			sourceTree = "<group>";
		};
		592405011E07608A009E947A /* notice */ = {
			isa = PBXGroup;
			children = (
				598CA5761DED80C400A02CB0 /* NoticeViewController.swift */,
			);
			name = notice;
			sourceTree = "<group>";
		};
		592405021E0760A7009E947A /* communication */ = {
			isa = PBXGroup;
			children = (
				592405041E076131009E947A /* CommunicationViewController.swift */,
			);
			name = communication;
			sourceTree = "<group>";
		};
		592405031E0760DA009E947A /* expert */ = {
			isa = PBXGroup;
			children = (
				592405061E07613C009E947A /* ExpertViewController.swift */,
			);
			name = expert;
			sourceTree = "<group>";
		};
		5925E72C1DED235300F75452 /* setting */ = {
			isa = PBXGroup;
			children = (
				598CA25C1DED666600A02CB0 /* offlineMap */,
				5925E72D1DED236D00F75452 /* SettingTableViewController.swift */,
				5925E72F1DED2DF800F75452 /* UpdateViewController.swift */,
			);
			path = setting;
			sourceTree = "<group>";
		};
		592CA8241DF0FA0500A863B5 /* coreData */ = {
			isa = PBXGroup;
			children = (
				592CA8251DF0FA3300A863B5 /* CoreDataStack.swift */,
			);
			name = coreData;
			sourceTree = "<group>";
		};
		592CA8271DF108FD00A863B5 /* yyybk */ = {
			isa = PBXGroup;
			children = (
				592CA8281DF1093900A863B5 /* YyViewController.swift */,
			);
			name = yyybk;
			sourceTree = "<group>";
		};
		5935CA641DF7C94400D91856 /* login */ = {
			isa = PBXGroup;
			children = (
				5935CA651DF7C95000D91856 /* LoginViewController.swift */,
			);
			name = login;
			sourceTree = "<group>";
		};
		598CA25C1DED666600A02CB0 /* offlineMap */ = {
			isa = PBXGroup;
			children = (
				598CA25D1DED666600A02CB0 /* OfflineDetailViewController.h */,
				598CA25E1DED666600A02CB0 /* OfflineDetailViewController.m */,
				598CA25F1DED666600A02CB0 /* OfflineViewController.h */,
				598CA2601DED666600A02CB0 /* OfflineViewController.m */,
				598CA2611DED666600A02CB0 /* view */,
			);
			path = offlineMap;
			sourceTree = "<group>";
		};
		598CA2611DED666600A02CB0 /* view */ = {
			isa = PBXGroup;
			children = (
				598CA2621DED666600A02CB0 /* MAHeaderView.h */,
				598CA2631DED666600A02CB0 /* MAHeaderView.m */,
			);
			path = view;
			sourceTree = "<group>";
		};
		598CA2681DED6A4600A02CB0 /* Resources */ = {
			isa = PBXGroup;
			children = (
				598CA2691DED6A4600A02CB0 /* heatMapData.json */,
				598CA26A1DED6A4600A02CB0 /* icon-72.png */,
				598CA26B1DED6A4600A02CB0 /* icon-72@2x.png */,
				598CA26C1DED6A4600A02CB0 /* icon.png */,
				598CA26D1DED6A4600A02CB0 /* icon@2x.png */,
				598CA26E1DED6A4600A02CB0 /* Images */,
				598CA3EE1DED6A4700A02CB0 /* running_record.json */,
				598CA3EF1DED6A4700A02CB0 /* traceRecordData */,
			);
			path = Resources;
			sourceTree = "<group>";
		};
		598CA26E1DED6A4600A02CB0 /* Images */ = {
			isa = PBXGroup;
			children = (
				598CA26F1DED6A4600A02CB0 /* animatedAnnotation */,
				598CA27A1DED6A4600A02CB0 /* arrow_right.png */,
				598CA27B1DED6A4600A02CB0 /* arrow_right@2x.png */,
				598CA27C1DED6A4600A02CB0 /* arrowTexture.png */,
				598CA27D1DED6A4600A02CB0 /* bus@2x.png */,
				598CA27E1DED6A4600A02CB0 /* car@2x.png */,
				598CA27F1DED6A4600A02CB0 /* compass@2x.png */,
				598CA2801DED6A4600A02CB0 /* custtexture.png */,
				598CA2811DED6A4600A02CB0 /* custtexture_bad.png */,
				598CA2821DED6A4600A02CB0 /* custtexture_green.png */,
				598CA2831DED6A4600A02CB0 /* custtexture_slow.png */,
				598CA2841DED6A4600A02CB0 /* decrease@2x.png */,
				598CA2851DED6A4600A02CB0 /* delete@3x.png */,
				598CA2861DED6A4600A02CB0 /* download@3x.png */,
				598CA2871DED6A4600A02CB0 /* endPoint.png */,
				598CA2881DED6A4600A02CB0 /* endPoint@2x.png */,
				598CA2891DED6A4600A02CB0 /* gpsStat1@2x.png */,
				598CA28A1DED6A4600A02CB0 /* gpsStat2@2x.png */,
				598CA28B1DED6A4600A02CB0 /* GWF.png */,
				598CA28C1DED6A4600A02CB0 /* hema.png */,
				598CA28D1DED6A4600A02CB0 /* increase@2x.png */,
				598CA3E21DED6A4700A02CB0 /* locate@2x.png */,
				598CA3E31DED6A4700A02CB0 /* man@2x.png */,
				598CA3E41DED6A4700A02CB0 /* navi@2x.png */,
				598CA3E51DED6A4700A02CB0 /* naviBackgroundHighlighted.png */,
				598CA3E61DED6A4700A02CB0 /* naviBackgroundNormal.png */,
				598CA3E71DED6A4700A02CB0 /* pause@3x.png */,
				598CA3E81DED6A4700A02CB0 /* railway_station@2x.png */,
				598CA3E91DED6A4700A02CB0 /* search@2x.png */,
				598CA3EA1DED6A4700A02CB0 /* startPoint.png */,
				598CA3EB1DED6A4700A02CB0 /* startPoint@2x.png */,
				598CA3EC1DED6A4700A02CB0 /* userPosition.png */,
				598CA3ED1DED6A4700A02CB0 /* userPosition@2x.png */,
			);
			path = Images;
			sourceTree = "<group>";
		};
		598CA26F1DED6A4600A02CB0 /* animatedAnnotation */ = {
			isa = PBXGroup;
			children = (
				598CA2701DED6A4600A02CB0 /* animatedCar */,
				598CA2751DED6A4600A02CB0 /* animatedTrain */,
			);
			path = animatedAnnotation;
			sourceTree = "<group>";
		};
		598CA2701DED6A4600A02CB0 /* animatedCar */ = {
			isa = PBXGroup;
			children = (
				598CA2711DED6A4600A02CB0 /* animatedCar_1.png */,
				598CA2721DED6A4600A02CB0 /* animatedCar_2.png */,
				598CA2731DED6A4600A02CB0 /* animatedCar_3.png */,
				598CA2741DED6A4600A02CB0 /* animatedCar_4.png */,
			);
			path = animatedCar;
			sourceTree = "<group>";
		};
		598CA2751DED6A4600A02CB0 /* animatedTrain */ = {
			isa = PBXGroup;
			children = (
				598CA2761DED6A4600A02CB0 /* animatedTrain_1.png */,
				598CA2771DED6A4600A02CB0 /* animatedTrain_2.png */,
				598CA2781DED6A4600A02CB0 /* animatedTrain_3.png */,
				598CA2791DED6A4600A02CB0 /* animatedTrain_4.png */,
			);
			path = animatedTrain;
			sourceTree = "<group>";
		};
		598CA3EF1DED6A4700A02CB0 /* traceRecordData */ = {
			isa = PBXGroup;
			children = (
				598CA3F01DED6A4700A02CB0 /* AMapTrace01.txt */,
				598CA3F11DED6A4700A02CB0 /* AMapTrace04.txt */,
				598CA3F21DED6A4700A02CB0 /* GPSTrace02.txt */,
				598CA3F31DED6A4700A02CB0 /* GPSTrace04.txt */,
			);
			path = traceRecordData;
			sourceTree = "<group>";
		};
		598CA5811DEE8EC200A02CB0 /* query */ = {
			isa = PBXGroup;
			children = (
				598CA5821DEE8EF000A02CB0 /* QueryViewController.swift */,
				592CA82B1DF24E5F00A863B5 /* TraceViewController.swift */,
				590B92481E04D4B300BF5F56 /* ShowRbxxViewController.swift */,
				590B924A1E04D4C000BF5F56 /* ShowKbxxViewController.swift */,
				590B924C1E04D55800BF5F56 /* ShowRecoredViewController.swift */,
				590B36171E05125900D9ED8F /* ShowRbxxDetailViewController.swift */,
			);
			name = query;
			sourceTree = "<group>";
		};
		59992ECC1DF7DF0C003AB3B1 /* bean */ = {
			isa = PBXGroup;
			children = (
				59992ED01DF7E000003AB3B1 /* ResponFromHttp.swift */,
				59992EFC1DF92F42003AB3B1 /* Jcxx.swift */,
			);
			name = bean;
			sourceTree = "<group>";
		};
		59992ED21DF7E776003AB3B1 /* constant */ = {
			isa = PBXGroup;
			children = (
			);
			name = constant;
			sourceTree = "<group>";
		};
		59992ED61DF7F3A6003AB3B1 /* utils */ = {
			isa = PBXGroup;
			children = (
			);
			name = utils;
			sourceTree = "<group>";
		};
		59B8142C1DE0012200F341AC = {
			isa = PBXGroup;
			children = (
				598CA57F1DEE636900A02CB0 /* AMap.bundle */,
				598CA2501DED610700A02CB0 /* Swift-Bridging-Header.h */,
				59B8146C1DE0077D00F341AC /* APIKey.h */,
				59B814371DE0012200F341AC /* yyyb */,
				59B814361DE0012200F341AC /* Products */,
				59B814561DE002AF00F341AC /* Frameworks */,
				598CA2681DED6A4600A02CB0 /* Resources */,
				4D67218ACAA960401C450D6C /* Pods */,
			);
			sourceTree = "<group>";
		};
		59B814361DE0012200F341AC /* Products */ = {
			isa = PBXGroup;
			children = (
				59B814351DE0012200F341AC /* yyyb.app */,
			);
			name = Products;
			sourceTree = "<group>";
		};
		59B814371DE0012200F341AC /* yyyb */ = {
			isa = PBXGroup;
			children = (
				590A59701DFA3440002B0214 /* yy.json */,
				590B92461E04CA2900BF5F56 /* ybdm.json */,
				590A596E1DF96432002B0214 /* yydm.json */,
				590A59671DF952F2002B0214 /* yyyb.xcdatamodeld */,
				590C2F341DFE8650008CF654 /* ZLDropDownMenu */,
				59992ED61DF7F3A6003AB3B1 /* utils */,
				59992ED21DF7E776003AB3B1 /* constant */,
				59992ECC1DF7DF0C003AB3B1 /* bean */,
				592CA8241DF0FA0500A863B5 /* coreData */,
				59C64DB01DE4438500167B36 /* protocol */,
				59B8148B1DE02CE500F341AC /* customCell */,
				59B8148A1DE029DD00F341AC /* controller */,
				59C64DE61DE6DF7900167B36 /* sqlite */,
				59B814781DE01FFD00F341AC /* item */,
				59B814381DE0012200F341AC /* AppDelegate.swift */,
				59B814881DE0299300F341AC /* MainViewController.swift */,
				59B814951DE03D9800F341AC /* TableViewController.swift */,
				59B8143C1DE0012200F341AC /* Main.storyboard */,
				59B814421DE0012300F341AC /* Assets.xcassets */,
				59B814441DE0012300F341AC /* LaunchScreen.storyboard */,
				59B814471DE0012300F341AC /* Info.plist */,
			);
			path = yyyb;
			sourceTree = "<group>";
		};
		59B814561DE002AF00F341AC /* Frameworks */ = {
			isa = PBXGroup;
			children = (
				598CA57A1DED855800A02CB0 /* MAMapKit.framework */,
				598CA5781DED84AB00A02CB0 /* AMapLocationKit.framework */,
				598CA2511DED636300A02CB0 /* MAMapKit.framework */,
				5925E7541DED556900F75452 /* AMapLocationKit.framework */,
				5925E74C1DED4F4F00F75452 /* AMapFoundationKit.framework */,
				5925E74D1DED4F4F00F75452 /* AMapSearchKit.framework */,
				59B814671DE0033300F341AC /* JavaScriptCore.framework */,
				59B814651DE0032100F341AC /* Foundation.framework */,
				59B814631DE0030B00F341AC /* UIKit.framework */,
				59B814611DE002D900F341AC /* libz.tbd */,
				59B8145F1DE002D200F341AC /* libc++.tbd */,
				59B8145D1DE002C600F341AC /* SystemConfiguration.framework */,
				59B8145B1DE002BD00F341AC /* CoreTelephony.framework */,
				59B814591DE002B600F341AC /* libstdc++.6.0.9.tbd */,
				59B814571DE002AF00F341AC /* Security.framework */,
				F7FE58936FF5507A67F00879 /* Pods_yyyb.framework */,
			);
			name = Frameworks;
			sourceTree = "<group>";
		};
		59B814781DE01FFD00F341AC /* item */ = {
			isa = PBXGroup;
			children = (
				59B814791DE0200E00F341AC /* BackgroundLocation */,
				59B8147B1DE0200E00F341AC /* MonitoringRegion */,
				59B8147D1DE0200E00F341AC /* SerialLocation */,
				59B8147F1DE0200E00F341AC /* SingleLocation */,
				59B814811DE0200E00F341AC /* SingleLocationAlone */,
			);
			name = item;
			sourceTree = "<group>";
		};
		59B814791DE0200E00F341AC /* BackgroundLocation */ = {
			isa = PBXGroup;
			children = (
				59B8147A1DE0200E00F341AC /* BackgroundLocationViewController.swift */,
			);
			path = BackgroundLocation;
			sourceTree = "<group>";
		};
		59B8147B1DE0200E00F341AC /* MonitoringRegion */ = {
			isa = PBXGroup;
			children = (
				59B8147C1DE0200E00F341AC /* MonitoringRegionViewController.swift */,
			);
			path = MonitoringRegion;
			sourceTree = "<group>";
		};
		59B8147D1DE0200E00F341AC /* SerialLocation */ = {
			isa = PBXGroup;
			children = (
				59B8147E1DE0200E00F341AC /* SerialLocationViewController.swift */,
			);
			path = SerialLocation;
			sourceTree = "<group>";
		};
		59B8147F1DE0200E00F341AC /* SingleLocation */ = {
			isa = PBXGroup;
			children = (
				59B814801DE0200E00F341AC /* SingleLocationViewController.swift */,
			);
			path = SingleLocation;
			sourceTree = "<group>";
		};
		59B814811DE0200E00F341AC /* SingleLocationAlone */ = {
			isa = PBXGroup;
			children = (
				59B814821DE0200E00F341AC /* SingleLocationAloneViewController.swift */,
			);
			path = SingleLocationAlone;
			sourceTree = "<group>";
		};
		59B8148A1DE029DD00F341AC /* controller */ = {
			isa = PBXGroup;
			children = (
				5925E72C1DED235300F75452 /* setting */,
				590C2F291DFE300F008CF654 /* yyk */,
				5935CA641DF7C94400D91856 /* login */,
				592CA8271DF108FD00A863B5 /* yyybk */,
				59B814901DE03A5200F341AC /* monistor */,
				598CA5811DEE8EC200A02CB0 /* query */,
				592405011E07608A009E947A /* notice */,
				592405021E0760A7009E947A /* communication */,
				592405031E0760DA009E947A /* expert */,
			);
			name = controller;
			sourceTree = "<group>";
		};
		59B8148B1DE02CE500F341AC /* customCell */ = {
			isa = PBXGroup;
			children = (
				59B8148C1DE02D1C00F341AC /* CustomCellTableViewCell.swift */,
				59B8148D1DE02D1C00F341AC /* CustomCellTableViewCell.xib */,
				59C64DB51DE56C6F00167B36 /* ItemTextField.swift */,
				59C64DEF1DE7EBDB00167B36 /* CustomButton.swift */,
				5993C91F1DF00A8700EFA414 /* CustomScrollView.swift */,
			);
			name = customCell;
			sourceTree = "<group>";
		};
		59B814901DE03A5200F341AC /* monistor */ = {
			isa = PBXGroup;
			children = (
				59CF334A1DFF8585009F111C /* upload */,
				59C64DF61DE8210900167B36 /* previous */,
				59C64DF51DE820A000167B36 /* daily */,
				59C64DF81DE821B400167B36 /* express */,
				59C64DF71DE8212C00167B36 /* ending */,
			);
			name = monistor;
			sourceTree = "<group>";
		};
		59C64DB01DE4438500167B36 /* protocol */ = {
			isa = PBXGroup;
			children = (
				59C64DB11DE4442300167B36 /* PassDictionary.swift */,
			);
			name = protocol;
			sourceTree = "<group>";
		};
		59C64DE61DE6DF7900167B36 /* sqlite */ = {
			isa = PBXGroup;
			children = (
				59C64DE71DE6DF7900167B36 /* yyyb.sqlite */,
				59C64DE81DE6DF7900167B36 /* yyyb.sqlite-shm */,
				59C64DE91DE6DF7900167B36 /* yyyb.sqlite-wal */,
			);
			path = sqlite;
			sourceTree = "<group>";
		};
		59C64DF51DE820A000167B36 /* daily */ = {
			isa = PBXGroup;
			children = (
				59C64DAE1DE442FD00167B36 /* DailyViewController.swift */,
			);
			name = daily;
			sourceTree = "<group>";
		};
		59C64DF61DE8210900167B36 /* previous */ = {
			isa = PBXGroup;
			children = (
				59B814971DE0542A00F341AC /* StartMonistroViewController.swift */,
				59B8149B1DE2930A00F341AC /* MapViewController.swift */,
				592473781DE2D71B0095C683 /* AddViewController.swift */,
			);
			name = previous;
			sourceTree = "<group>";
		};
		59C64DF71DE8212C00167B36 /* ending */ = {
			isa = PBXGroup;
			children = (
				59C64DF31DE7F6DC00167B36 /* AnimalSpeciesTableViewController.swift */,
				5932E62F1E029AC200D84D54 /* CbjlTableViewController.swift */,
			);
			name = ending;
			sourceTree = "<group>";
		};
		59C64DF81DE821B400167B36 /* express */ = {
			isa = PBXGroup;
			children = (
				59C64DF91DE821E100167B36 /* ExpressViewController.swift */,
				5932E62D1E0296E300D84D54 /* SaveExpressViewController.swift */,
			);
			name = express;
			sourceTree = "<group>";
		};
		59CF334A1DFF8585009F111C /* upload */ = {
			isa = PBXGroup;
			children = (
				59CF334B1DFF85B3009F111C /* TabBarCustom.swift */,
				59CF334D1DFF960C009F111C /* RbxxViewController.swift */,
				59CF334F1DFF9618009F111C /* KbxxViewController.swift */,
			);
			name = upload;
			sourceTree = "<group>";
		};
/* End PBXGroup section */

/* Begin PBXNativeTarget section */
		59B814341DE0012200F341AC /* yyyb */ = {
			isa = PBXNativeTarget;
			buildConfigurationList = 59B8144A1DE0012300F341AC /* Build configuration list for PBXNativeTarget "yyyb" */;
			buildPhases = (
				040D17760E6F1BB102F06459 /* [CP] Check Pods Manifest.lock */,
				59B814311DE0012200F341AC /* Sources */,
				59B814321DE0012200F341AC /* Frameworks */,
				59B814331DE0012200F341AC /* Resources */,
				BF18BDAB7C1741292BBECE86 /* [CP] Embed Pods Frameworks */,
				E87C534BEF6AE3D389B4AFA3 /* [CP] Copy Pods Resources */,
			);
			buildRules = (
			);
			dependencies = (
			);
			name = yyyb;
			productName = yyyb;
			productReference = 59B814351DE0012200F341AC /* yyyb.app */;
			productType = "com.apple.product-type.application";
		};
/* End PBXNativeTarget section */

/* Begin PBXProject section */
		59B8142D1DE0012200F341AC /* Project object */ = {
			isa = PBXProject;
			attributes = {
				LastSwiftUpdateCheck = 0810;
				LastUpgradeCheck = 0810;
				ORGANIZATIONNAME = norwaya;
				TargetAttributes = {
					59B814341DE0012200F341AC = {
						CreatedOnToolsVersion = 8.1;
						DevelopmentTeam = FXUF647HWQ;
						LastSwiftMigration = 0810;
						ProvisioningStyle = Automatic;
						SystemCapabilities = {
							com.apple.BackgroundModes = {
								enabled = 1;
							};
						};
					};
				};
			};
			buildConfigurationList = 59B814301DE0012200F341AC /* Build configuration list for PBXProject "yyyb" */;
			compatibilityVersion = "Xcode 3.2";
			developmentRegion = English;
			hasScannedForEncodings = 0;
			knownRegions = (
				en,
				Base,
			);
			mainGroup = 59B8142C1DE0012200F341AC;
			productRefGroup = 59B814361DE0012200F341AC /* Products */;
			projectDirPath = "";
			projectRoot = "";
			targets = (
				59B814341DE0012200F341AC /* yyyb */,
			);
		};
/* End PBXProject section */

/* Begin PBXResourcesBuildPhase section */
		59B814331DE0012200F341AC /* Resources */ = {
			isa = PBXResourcesBuildPhase;
			buildActionMask = 2147483647;
			files = (
				598CA5801DEE636900A02CB0 /* AMap.bundle in Resources */,
				598CA5651DED6A4800A02CB0 /* locate@2x.png in Resources */,
				590B92471E04CA2900BF5F56 /* ybdm.json in Resources */,
				598CA3FC1DED6A4700A02CB0 /* animatedCar_4.png in Resources */,
				598CA4031DED6A4700A02CB0 /* arrowTexture.png in Resources */,
				598CA56D1DED6A4800A02CB0 /* startPoint.png in Resources */,
				598CA56B1DED6A4800A02CB0 /* railway_station@2x.png in Resources */,
				598CA5751DED6A4800A02CB0 /* GPSTrace04.txt in Resources */,
				598CA5741DED6A4800A02CB0 /* GPSTrace02.txt in Resources */,
				598CA3FA1DED6A4700A02CB0 /* animatedCar_2.png in Resources */,
				598CA4101DED6A4700A02CB0 /* gpsStat1@2x.png in Resources */,
				598CA5681DED6A4800A02CB0 /* naviBackgroundHighlighted.png in Resources */,
				598CA4011DED6A4700A02CB0 /* arrow_right.png in Resources */,
				598CA5731DED6A4800A02CB0 /* AMapTrace04.txt in Resources */,
				598CA3F91DED6A4700A02CB0 /* animatedCar_1.png in Resources */,
				598CA4111DED6A4700A02CB0 /* gpsStat2@2x.png in Resources */,
				59C64DEB1DE6DF7900167B36 /* yyyb.sqlite-shm in Resources */,
				598CA5661DED6A4800A02CB0 /* man@2x.png in Resources */,
				598CA4131DED6A4700A02CB0 /* hema.png in Resources */,
				59B814461DE0012300F341AC /* LaunchScreen.storyboard in Resources */,
				598CA56F1DED6A4800A02CB0 /* userPosition.png in Resources */,
				598CA56A1DED6A4800A02CB0 /* pause@3x.png in Resources */,
				598CA40D1DED6A4700A02CB0 /* download@3x.png in Resources */,
				598CA5701DED6A4800A02CB0 /* userPosition@2x.png in Resources */,
				598CA3F61DED6A4700A02CB0 /* icon-72@2x.png in Resources */,
				598CA56C1DED6A4800A02CB0 /* search@2x.png in Resources */,
				598CA4091DED6A4700A02CB0 /* custtexture_green.png in Resources */,
				598CA4001DED6A4700A02CB0 /* animatedTrain_4.png in Resources */,
				598CA3F51DED6A4700A02CB0 /* icon-72.png in Resources */,
				598CA3FF1DED6A4700A02CB0 /* animatedTrain_3.png in Resources */,
				598CA40B1DED6A4700A02CB0 /* decrease@2x.png in Resources */,
				598CA4121DED6A4700A02CB0 /* GWF.png in Resources */,
				598CA3F41DED6A4700A02CB0 /* heatMapData.json in Resources */,
				598CA40A1DED6A4700A02CB0 /* custtexture_slow.png in Resources */,
				590A59711DFA3440002B0214 /* yy.json in Resources */,
				598CA4021DED6A4700A02CB0 /* arrow_right@2x.png in Resources */,
				598CA4071DED6A4700A02CB0 /* custtexture.png in Resources */,
				590A596F1DF96432002B0214 /* yydm.json in Resources */,
				598CA4141DED6A4700A02CB0 /* increase@2x.png in Resources */,
				598CA3FE1DED6A4700A02CB0 /* animatedTrain_2.png in Resources */,
				598CA3F81DED6A4700A02CB0 /* icon@2x.png in Resources */,
				598CA4081DED6A4700A02CB0 /* custtexture_bad.png in Resources */,
				598CA5721DED6A4800A02CB0 /* AMapTrace01.txt in Resources */,
				59B814431DE0012300F341AC /* Assets.xcassets in Resources */,
				598CA5671DED6A4800A02CB0 /* navi@2x.png in Resources */,
				598CA3FB1DED6A4700A02CB0 /* animatedCar_3.png in Resources */,
				598CA4061DED6A4700A02CB0 /* compass@2x.png in Resources */,
				598CA4041DED6A4700A02CB0 /* bus@2x.png in Resources */,
				598CA3F71DED6A4700A02CB0 /* icon.png in Resources */,
				59C64DEA1DE6DF7900167B36 /* yyyb.sqlite in Resources */,
				59B8148F1DE02D1C00F341AC /* CustomCellTableViewCell.xib in Resources */,
				598CA40E1DED6A4700A02CB0 /* endPoint.png in Resources */,
				598CA5691DED6A4800A02CB0 /* naviBackgroundNormal.png in Resources */,
				59C64DEC1DE6DF7900167B36 /* yyyb.sqlite-wal in Resources */,
				598CA40F1DED6A4700A02CB0 /* endPoint@2x.png in Resources */,
				59B8143E1DE0012200F341AC /* Main.storyboard in Resources */,
				598CA4051DED6A4700A02CB0 /* car@2x.png in Resources */,
				598CA5711DED6A4800A02CB0 /* running_record.json in Resources */,
				598CA40C1DED6A4700A02CB0 /* delete@3x.png in Resources */,
				598CA3FD1DED6A4700A02CB0 /* animatedTrain_1.png in Resources */,
				598CA56E1DED6A4800A02CB0 /* startPoint@2x.png in Resources */,
			);
			runOnlyForDeploymentPostprocessing = 0;
		};
/* End PBXResourcesBuildPhase section */

/* Begin PBXShellScriptBuildPhase section */
		040D17760E6F1BB102F06459 /* [CP] Check Pods Manifest.lock */ = {
			isa = PBXShellScriptBuildPhase;
			buildActionMask = 2147483647;
			files = (
			);
			inputPaths = (
			);
			name = "[CP] Check Pods Manifest.lock";
			outputPaths = (
			);
			runOnlyForDeploymentPostprocessing = 0;
			shellPath = /bin/sh;
			shellScript = "diff \"${PODS_ROOT}/../Podfile.lock\" \"${PODS_ROOT}/Manifest.lock\" > /dev/null\nif [ $? != 0 ] ; then\n    # print error to STDERR\n    echo \"error: The sandbox is not in sync with the Podfile.lock. Run 'pod install' or update your CocoaPods installation.\" >&2\n    exit 1\nfi\n";
			showEnvVarsInLog = 0;
		};
		BF18BDAB7C1741292BBECE86 /* [CP] Embed Pods Frameworks */ = {
			isa = PBXShellScriptBuildPhase;
			buildActionMask = 2147483647;
			files = (
			);
			inputPaths = (
			);
			name = "[CP] Embed Pods Frameworks";
			outputPaths = (
			);
			runOnlyForDeploymentPostprocessing = 0;
			shellPath = /bin/sh;
			shellScript = "\"${SRCROOT}/Pods/Target Support Files/Pods-yyyb/Pods-yyyb-frameworks.sh\"\n";
			showEnvVarsInLog = 0;
		};
		E87C534BEF6AE3D389B4AFA3 /* [CP] Copy Pods Resources */ = {
			isa = PBXShellScriptBuildPhase;
			buildActionMask = 2147483647;
			files = (
			);
			inputPaths = (
			);
			name = "[CP] Copy Pods Resources";
			outputPaths = (
			);
			runOnlyForDeploymentPostprocessing = 0;
			shellPath = /bin/sh;
			shellScript = "\"${SRCROOT}/Pods/Target Support Files/Pods-yyyb/Pods-yyyb-resources.sh\"\n";
			showEnvVarsInLog = 0;
		};
/* End PBXShellScriptBuildPhase section */

/* Begin PBXSourcesBuildPhase section */
		59B814311DE0012200F341AC /* Sources */ = {
			isa = PBXSourcesBuildPhase;
			buildActionMask = 2147483647;
			files = (
				592405071E07613C009E947A /* ExpertViewController.swift in Sources */,
				59B814841DE0200E00F341AC /* MonitoringRegionViewController.swift in Sources */,
				598CA5831DEE8EF000A02CB0 /* QueryViewController.swift in Sources */,
				590C2F311DFE3091008CF654 /* Yyk4TableViewController.swift in Sources */,
				598CA2651DED666600A02CB0 /* OfflineViewController.m in Sources */,
				59CF334E1DFF960C009F111C /* RbxxViewController.swift in Sources */,
				59C64DF01DE7EBDB00167B36 /* CustomButton.swift in Sources */,
				590B924D1E04D55800BF5F56 /* ShowRecoredViewController.swift in Sources */,
				592CA8291DF1093900A863B5 /* YyViewController.swift in Sources */,
				592473791DE2D71B0095C683 /* AddViewController.swift in Sources */,
				59CF334C1DFF85B3009F111C /* TabBarCustom.swift in Sources */,
				5993C9201DF00A8700EFA414 /* CustomScrollView.swift in Sources */,
				59B814861DE0200E00F341AC /* SingleLocationViewController.swift in Sources */,
				592CA8261DF0FA3400A863B5 /* CoreDataStack.swift in Sources */,
				59B814871DE0200E00F341AC /* SingleLocationAloneViewController.swift in Sources */,
				59B814831DE0200E00F341AC /* BackgroundLocationViewController.swift in Sources */,
				590C2F331DFE30A8008CF654 /* Yyk5ViewController.swift in Sources */,
				5925E7301DED2DF800F75452 /* UpdateViewController.swift in Sources */,
				592405051E076131009E947A /* CommunicationViewController.swift in Sources */,
				59992EFD1DF92F42003AB3B1 /* Jcxx.swift in Sources */,
				59C64DF41DE7F6DC00167B36 /* AnimalSpeciesTableViewController.swift in Sources */,
				59CF33501DFF9618009F111C /* KbxxViewController.swift in Sources */,
				5935CA661DF7C95000D91856 /* LoginViewController.swift in Sources */,
				590C2F2F1DFE307F008CF654 /* Yyk3TableViewController.swift in Sources */,
				590C2F2D1DFE3073008CF654 /* Yyk2TableViewController.swift in Sources */,
				590C2F431DFE8650008CF654 /* ZLDropDownMenu.m in Sources */,
				590B92491E04D4B300BF5F56 /* ShowRbxxViewController.swift in Sources */,
				598CA5771DED80C400A02CB0 /* NoticeViewController.swift in Sources */,
				59C64DB61DE56C6F00167B36 /* ItemTextField.swift in Sources */,
				590C2F451DFE8650008CF654 /* ZLDropDownMenuTitleButton.m in Sources */,
				5932E6301E029AC200D84D54 /* CbjlTableViewController.swift in Sources */,
				59C64DAF1DE442FD00167B36 /* DailyViewController.swift in Sources */,
				590C2F461DFE8650008CF654 /* ZLDropDownMenuUICalc.m in Sources */,
				59992ED11DF7E000003AB3B1 /* ResponFromHttp.swift in Sources */,
				59B8149C1DE2930A00F341AC /* MapViewController.swift in Sources */,
				59B814961DE03D9800F341AC /* TableViewController.swift in Sources */,
				598CA2641DED666600A02CB0 /* OfflineDetailViewController.m in Sources */,
				59B814891DE0299300F341AC /* MainViewController.swift in Sources */,
				59B814991DE0542A00F341AC /* StartMonistroViewController.swift in Sources */,
				5932E62E1E0296E300D84D54 /* SaveExpressViewController.swift in Sources */,
				59C64DFA1DE821E100167B36 /* ExpressViewController.swift in Sources */,
				590A59691DF952F2002B0214 /* yyyb.xcdatamodeld in Sources */,
				59CF33491DFE972E009F111C /* YykSeatchTableViewController.swift in Sources */,
				59B814391DE0012200F341AC /* AppDelegate.swift in Sources */,
				598CA2661DED666600A02CB0 /* MAHeaderView.m in Sources */,
				590C2F2B1DFE302F008CF654 /* YykViewControllerTableViewController.swift in Sources */,
				590C2F441DFE8650008CF654 /* ZLDropDownMenuCollectionViewCell.m in Sources */,
				590B924B1E04D4C000BF5F56 /* ShowKbxxViewController.swift in Sources */,
				5925E72E1DED236D00F75452 /* SettingTableViewController.swift in Sources */,
				59B8148E1DE02D1C00F341AC /* CustomCellTableViewCell.swift in Sources */,
				590C2F421DFE8650008CF654 /* NSString+ZLStringSize.m in Sources */,
				59C64DB21DE4442300167B36 /* PassDictionary.swift in Sources */,
				592CA82C1DF24E5F00A863B5 /* TraceViewController.swift in Sources */,
				59B814851DE0200E00F341AC /* SerialLocationViewController.swift in Sources */,
				590B36181E05125900D9ED8F /* ShowRbxxDetailViewController.swift in Sources */,
			);
			runOnlyForDeploymentPostprocessing = 0;
		};
/* End PBXSourcesBuildPhase section */

/* Begin PBXVariantGroup section */
		59B8143C1DE0012200F341AC /* Main.storyboard */ = {
			isa = PBXVariantGroup;
			children = (
				59B8143D1DE0012200F341AC /* Base */,
			);
			name = Main.storyboard;
			sourceTree = "<group>";
		};
		59B814441DE0012300F341AC /* LaunchScreen.storyboard */ = {
			isa = PBXVariantGroup;
			children = (
				59B814451DE0012300F341AC /* Base */,
			);
			name = LaunchScreen.storyboard;
			sourceTree = "<group>";
		};
/* End PBXVariantGroup section */

/* Begin XCBuildConfiguration section */
		59B814481DE0012300F341AC /* Debug */ = {
			isa = XCBuildConfiguration;
			buildSettings = {
				ALWAYS_SEARCH_USER_PATHS = NO;
				CLANG_ANALYZER_NONNULL = YES;
				CLANG_CXX_LANGUAGE_STANDARD = "gnu++0x";
				CLANG_CXX_LIBRARY = "libc++";
				CLANG_ENABLE_MODULES = YES;
				CLANG_ENABLE_OBJC_ARC = YES;
				CLANG_WARN_BOOL_CONVERSION = YES;
				CLANG_WARN_CONSTANT_CONVERSION = YES;
				CLANG_WARN_DIRECT_OBJC_ISA_USAGE = YES_ERROR;
				CLANG_WARN_DOCUMENTATION_COMMENTS = YES;
				CLANG_WARN_EMPTY_BODY = YES;
				CLANG_WARN_ENUM_CONVERSION = YES;
				CLANG_WARN_INFINITE_RECURSION = YES;
				CLANG_WARN_INT_CONVERSION = YES;
				CLANG_WARN_OBJC_ROOT_CLASS = YES_ERROR;
				CLANG_WARN_SUSPICIOUS_MOVES = YES;
				CLANG_WARN_UNREACHABLE_CODE = YES;
				CLANG_WARN__DUPLICATE_METHOD_MATCH = YES;
				"CODE_SIGN_IDENTITY[sdk=iphoneos*]" = "iPhone Developer";
				COPY_PHASE_STRIP = NO;
				DEBUG_INFORMATION_FORMAT = dwarf;
				ENABLE_STRICT_OBJC_MSGSEND = YES;
				ENABLE_TESTABILITY = YES;
				GCC_C_LANGUAGE_STANDARD = gnu99;
				GCC_DYNAMIC_NO_PIC = NO;
				GCC_NO_COMMON_BLOCKS = YES;
				GCC_OPTIMIZATION_LEVEL = 0;
				GCC_PREPROCESSOR_DEFINITIONS = (
					"DEBUG=1",
					"$(inherited)",
				);
				GCC_WARN_64_TO_32_BIT_CONVERSION = YES;
				GCC_WARN_ABOUT_RETURN_TYPE = YES_ERROR;
				GCC_WARN_UNDECLARED_SELECTOR = YES;
				GCC_WARN_UNINITIALIZED_AUTOS = YES_AGGRESSIVE;
				GCC_WARN_UNUSED_FUNCTION = YES;
				GCC_WARN_UNUSED_VARIABLE = YES;
				IPHONEOS_DEPLOYMENT_TARGET = 9.0;
				MTL_ENABLE_DEBUG_INFO = YES;
				NEW_SETTING = "";
				ONLY_ACTIVE_ARCH = YES;
				SDKROOT = iphoneos;
				SWIFT_ACTIVE_COMPILATION_CONDITIONS = DEBUG;
				SWIFT_OPTIMIZATION_LEVEL = "-Onone";
				a = "";
			};
			name = Debug;
		};
		59B814491DE0012300F341AC /* Release */ = {
			isa = XCBuildConfiguration;
			buildSettings = {
				ALWAYS_SEARCH_USER_PATHS = NO;
				CLANG_ANALYZER_NONNULL = YES;
				CLANG_CXX_LANGUAGE_STANDARD = "gnu++0x";
				CLANG_CXX_LIBRARY = "libc++";
				CLANG_ENABLE_MODULES = YES;
				CLANG_ENABLE_OBJC_ARC = YES;
				CLANG_WARN_BOOL_CONVERSION = YES;
				CLANG_WARN_CONSTANT_CONVERSION = YES;
				CLANG_WARN_DIRECT_OBJC_ISA_USAGE = YES_ERROR;
				CLANG_WARN_DOCUMENTATION_COMMENTS = YES;
				CLANG_WARN_EMPTY_BODY = YES;
				CLANG_WARN_ENUM_CONVERSION = YES;
				CLANG_WARN_INFINITE_RECURSION = YES;
				CLANG_WARN_INT_CONVERSION = YES;
				CLANG_WARN_OBJC_ROOT_CLASS = YES_ERROR;
				CLANG_WARN_SUSPICIOUS_MOVES = YES;
				CLANG_WARN_UNREACHABLE_CODE = YES;
				CLANG_WARN__DUPLICATE_METHOD_MATCH = YES;
				"CODE_SIGN_IDENTITY[sdk=iphoneos*]" = "iPhone Developer";
				COPY_PHASE_STRIP = NO;
				DEBUG_INFORMATION_FORMAT = "dwarf-with-dsym";
				ENABLE_NS_ASSERTIONS = NO;
				ENABLE_STRICT_OBJC_MSGSEND = YES;
				GCC_C_LANGUAGE_STANDARD = gnu99;
				GCC_NO_COMMON_BLOCKS = YES;
				GCC_WARN_64_TO_32_BIT_CONVERSION = YES;
				GCC_WARN_ABOUT_RETURN_TYPE = YES_ERROR;
				GCC_WARN_UNDECLARED_SELECTOR = YES;
				GCC_WARN_UNINITIALIZED_AUTOS = YES_AGGRESSIVE;
				GCC_WARN_UNUSED_FUNCTION = YES;
				GCC_WARN_UNUSED_VARIABLE = YES;
				IPHONEOS_DEPLOYMENT_TARGET = 9.0;
				MTL_ENABLE_DEBUG_INFO = NO;
				NEW_SETTING = "";
				SDKROOT = iphoneos;
				SWIFT_OPTIMIZATION_LEVEL = "-Owholemodule";
				VALIDATE_PRODUCT = YES;
				a = "";
			};
			name = Release;
		};
		59B8144B1DE0012300F341AC /* Debug */ = {
			isa = XCBuildConfiguration;
			baseConfigurationReference = 098D932C39CC62D27DEA0874 /* Pods-yyyb.debug.xcconfig */;
			buildSettings = {
				ASSETCATALOG_COMPILER_APPICON_NAME = AppIcon;
				CLANG_ENABLE_MODULES = YES;
				"CODE_SIGN_IDENTITY[sdk=iphoneos*]" = "iPhone Developer";
				DEVELOPMENT_TEAM = FXUF647HWQ;
				FRAMEWORK_SEARCH_PATHS = (
					"$(inherited)",
					"$(PROJECT_DIR)",
					"$(PROJECT_DIR)/Frameworks",
				);
				INFOPLIST_FILE = yyyb/Info.plist;
				IPHONEOS_DEPLOYMENT_TARGET = 10.0;
				LD_RUNPATH_SEARCH_PATHS = "$(inherited) @executable_path/Frameworks";
				PRODUCT_BUNDLE_IDENTIFIER = "com.bz.yyyb-0";
				PRODUCT_NAME = "$(TARGET_NAME)";
				SWIFT_OBJC_BRIDGING_HEADER = "/Users/amdin/Desktop/project/yyyb/Swift-Bridging-Header.h";
				SWIFT_OPTIMIZATION_LEVEL = "-Onone";
				SWIFT_REFLECTION_METADATA_LEVEL = all;
				SWIFT_VERSION = 3.0;
				USER_HEADER_SEARCH_PATHS = "${SRCROOT}/**";
			};
			name = Debug;
		};
		59B8144C1DE0012300F341AC /* Release */ = {
			isa = XCBuildConfiguration;
			baseConfigurationReference = D95EADF894722EDFF3C11FFB /* Pods-yyyb.release.xcconfig */;
			buildSettings = {
				ASSETCATALOG_COMPILER_APPICON_NAME = AppIcon;
				CLANG_ENABLE_MODULES = YES;
				"CODE_SIGN_IDENTITY[sdk=iphoneos*]" = "iPhone Developer";
				DEVELOPMENT_TEAM = FXUF647HWQ;
				FRAMEWORK_SEARCH_PATHS = (
					"$(inherited)",
					"$(PROJECT_DIR)",
					"$(PROJECT_DIR)/Frameworks",
				);
				INFOPLIST_FILE = yyyb/Info.plist;
				IPHONEOS_DEPLOYMENT_TARGET = 10.0;
				LD_RUNPATH_SEARCH_PATHS = "$(inherited) @executable_path/Frameworks";
				PRODUCT_BUNDLE_IDENTIFIER = "com.bz.yyyb-0";
				PRODUCT_NAME = "$(TARGET_NAME)";
				SWIFT_OBJC_BRIDGING_HEADER = "/Users/amdin/Desktop/project/yyyb/Swift-Bridging-Header.h";
				SWIFT_REFLECTION_METADATA_LEVEL = all;
				SWIFT_VERSION = 3.0;
				USER_HEADER_SEARCH_PATHS = "${SRCROOT}/**";
			};
			name = Release;
		};
/* End XCBuildConfiguration section */

/* Begin XCConfigurationList section */
		59B814301DE0012200F341AC /* Build configuration list for PBXProject "yyyb" */ = {
			isa = XCConfigurationList;
			buildConfigurations = (
				59B814481DE0012300F341AC /* Debug */,
				59B814491DE0012300F341AC /* Release */,
			);
			defaultConfigurationIsVisible = 0;
			defaultConfigurationName = Release;
		};
		59B8144A1DE0012300F341AC /* Build configuration list for PBXNativeTarget "yyyb" */ = {
			isa = XCConfigurationList;
			buildConfigurations = (
				59B8144B1DE0012300F341AC /* Debug */,
				59B8144C1DE0012300F341AC /* Release */,
			);
			defaultConfigurationIsVisible = 0;
			defaultConfigurationName = Release;
		};
/* End XCConfigurationList section */

/* Begin XCVersionGroup section */
		590A59671DF952F2002B0214 /* yyyb.xcdatamodeld */ = {
			isa = XCVersionGroup;
			children = (
				590A59681DF952F2002B0214 /* yyyb.xcdatamodel */,
			);
			currentVersion = 590A59681DF952F2002B0214 /* yyyb.xcdatamodel */;
			path = yyyb.xcdatamodeld;
			sourceTree = "<group>";
			versionGroupType = wrapper.xcdatamodel;
		};
/* End XCVersionGroup section */
	};
	rootObject = 59B8142D1DE0012200F341AC /* Project object */;
}
